// !$*UTF8*$!
{
	archiveVersion = 1;
	classes = {
	};
	objectVersion = 56;
	objects = {

/* Begin PBXBuildFile section */
		029A23D1297A58BF00E7D602 /* BottleDataStore.swift in Sources */ = {isa = PBXBuildFile; fileRef = 029A23D0297A58BF00E7D602 /* BottleDataStore.swift */; };
		0427F565297677E60023E745 /* Bottles_V2App.swift in Sources */ = {isa = PBXBuildFile; fileRef = 0427F564297677E60023E745 /* Bottles_V2App.swift */; };
		0427F569297677E80023E745 /* Assets.xcassets in Resources */ = {isa = PBXBuildFile; fileRef = 0427F568297677E80023E745 /* Assets.xcassets */; };
		0427F56C297677E80023E745 /* Preview Assets.xcassets in Resources */ = {isa = PBXBuildFile; fileRef = 0427F56B297677E80023E745 /* Preview Assets.xcassets */; };
		0427F576297677E90023E745 /* Bottles_V2Tests.swift in Sources */ = {isa = PBXBuildFile; fileRef = 0427F575297677E90023E745 /* Bottles_V2Tests.swift */; };
		0427F580297677E90023E745 /* Bottles_V2UITests.swift in Sources */ = {isa = PBXBuildFile; fileRef = 0427F57F297677E90023E745 /* Bottles_V2UITests.swift */; };
		0427F582297677E90023E745 /* Bottles_V2UITestsLaunchTests.swift in Sources */ = {isa = PBXBuildFile; fileRef = 0427F581297677E90023E745 /* Bottles_V2UITestsLaunchTests.swift */; };
		04F8B89A297A64900098DE93 /* SessionManager.swift in Sources */ = {isa = PBXBuildFile; fileRef = 04F8B899297A64900098DE93 /* SessionManager.swift */; };
		04F8B89C297A64FA0098DE93 /* SignupView.swift in Sources */ = {isa = PBXBuildFile; fileRef = 04F8B89B297A64FA0098DE93 /* SignupView.swift */; };
		04F8B89E297A652F0098DE93 /* LogInView.swift in Sources */ = {isa = PBXBuildFile; fileRef = 04F8B89D297A652F0098DE93 /* LogInView.swift */; };
		04F8B8A0297A83020098DE93 /* ConfirmationView.swift in Sources */ = {isa = PBXBuildFile; fileRef = 04F8B89F297A83020098DE93 /* ConfirmationView.swift */; };
		04F8B8A2297B00EB0098DE93 /* SessionView.swift in Sources */ = {isa = PBXBuildFile; fileRef = 04F8B8A1297B00EB0098DE93 /* SessionView.swift */; };
		26A66485298CC6F1004E15EA /* User.swift in Sources */ = {isa = PBXBuildFile; fileRef = 26A66484298CC6F1004E15EA /* User.swift */; };
		26A66487298CC865004E15EA /* UserStore.swift in Sources */ = {isa = PBXBuildFile; fileRef = 26A66486298CC865004E15EA /* UserStore.swift */; };
		26D0E4382979164400524943 /* (null) in Sources */ = {isa = PBXBuildFile; };
		27281CE32977854D003BE8B4 /* MapView.swift in Sources */ = {isa = PBXBuildFile; fileRef = 27281CE22977854D003BE8B4 /* MapView.swift */; };
		27281CE62977856A003BE8B4 /* CartView.swift in Sources */ = {isa = PBXBuildFile; fileRef = 27281CE52977856A003BE8B4 /* CartView.swift */; };
		27281CEB297785AA003BE8B4 /* BottleShopView.swift in Sources */ = {isa = PBXBuildFile; fileRef = 27281CEA297785AA003BE8B4 /* BottleShopView.swift */; };
		27281CED297785B2003BE8B4 /* BottleView.swift in Sources */ = {isa = PBXBuildFile; fileRef = 27281CEC297785B2003BE8B4 /* BottleView.swift */; };
		27281CF0297785DC003BE8B4 /* BookMarkView.swift in Sources */ = {isa = PBXBuildFile; fileRef = 27281CEF297785DC003BE8B4 /* BookMarkView.swift */; };
		27281CF52977860B003BE8B4 /* NotificationView.swift in Sources */ = {isa = PBXBuildFile; fileRef = 27281CF42977860B003BE8B4 /* NotificationView.swift */; };
		27281CF82977862F003BE8B4 /* MyPageView.swift in Sources */ = {isa = PBXBuildFile; fileRef = 27281CF72977862F003BE8B4 /* MyPageView.swift */; };
		27281CFB2977AD3C003BE8B4 /* MapViewSearchBar.swift in Sources */ = {isa = PBXBuildFile; fileRef = 27281CFA2977AD3B003BE8B4 /* MapViewSearchBar.swift */; };
		27281CFD2977B851003BE8B4 /* NearBySheetView.swift in Sources */ = {isa = PBXBuildFile; fileRef = 27281CFC2977B851003BE8B4 /* NearBySheetView.swift */; };
		276367E2298A584300C04CFA /* MarkerDetailSheet.swift in Sources */ = {isa = PBXBuildFile; fileRef = 276367E1298A584300C04CFA /* MarkerDetailSheet.swift */; };
		27A02689298B51AC00F71705 /* SearchView.swift in Sources */ = {isa = PBXBuildFile; fileRef = 27A02682298B51AC00F71705 /* SearchView.swift */; };
		27A0268A298B51AC00F71705 /* RecentlyItemList.swift in Sources */ = {isa = PBXBuildFile; fileRef = 27A02683298B51AC00F71705 /* RecentlyItemList.swift */; };
		27A0268B298B51AC00F71705 /* SearchBottleList.swift in Sources */ = {isa = PBXBuildFile; fileRef = 27A02684298B51AC00F71705 /* SearchBottleList.swift */; };
		27A0268C298B51AC00F71705 /* SearchShopList.swift in Sources */ = {isa = PBXBuildFile; fileRef = 27A02685298B51AC00F71705 /* SearchShopList.swift */; };
		27A0268D298B51AC00F71705 /* SearchViewNavigationLabel.swift in Sources */ = {isa = PBXBuildFile; fileRef = 27A02686298B51AC00F71705 /* SearchViewNavigationLabel.swift */; };
		27A0268E298B51AC00F71705 /* SearchViewSearchBar.swift in Sources */ = {isa = PBXBuildFile; fileRef = 27A02687298B51AC00F71705 /* SearchViewSearchBar.swift */; };
		27A0268F298B51AC00F71705 /* SearchResultList.swift in Sources */ = {isa = PBXBuildFile; fileRef = 27A02688298B51AC00F71705 /* SearchResultList.swift */; };
		27A02690298B572100F71705 /* BottleView_Info.swift in Sources */ = {isa = PBXBuildFile; fileRef = 92D45CAA2988FC2B00DB4D11 /* BottleView_Info.swift */; };
		27A02691298B572600F71705 /* Modifiers.swift in Sources */ = {isa = PBXBuildFile; fileRef = 92D45CA42988B35300DB4D11 /* Modifiers.swift */; };
		27A02692298B5CE800F71705 /* ReservationPageView_Info.swift in Sources */ = {isa = PBXBuildFile; fileRef = 92D45CA62988F73700DB4D11 /* ReservationPageView_Info.swift */; };
		27A02693298BAAF500F71705 /* Bottles-V2-Info.plist in Resources */ = {isa = PBXBuildFile; fileRef = 27281CF92977A650003BE8B4 /* Bottles-V2-Info.plist */; };
		27A02694298BAB5B00F71705 /* Bottles-V2-Info.plist in Resources */ = {isa = PBXBuildFile; fileRef = 27281CF92977A650003BE8B4 /* Bottles-V2-Info.plist */; };
		27A02695298BAB6100F71705 /* Bottles-V2-Info.plist in Resources */ = {isa = PBXBuildFile; fileRef = 27281CF92977A650003BE8B4 /* Bottles-V2-Info.plist */; };
		27A0269A298BAC6500F71705 /* SpoqaHanSansNeo-Thin.otf in Resources */ = {isa = PBXBuildFile; fileRef = 27A02696298BAC6300F71705 /* SpoqaHanSansNeo-Thin.otf */; };
		27A0269B298BAC6500F71705 /* SpoqaHanSansNeo-Medium.otf in Resources */ = {isa = PBXBuildFile; fileRef = 27A02697298BAC6400F71705 /* SpoqaHanSansNeo-Medium.otf */; };
		27A0269C298BAC6500F71705 /* SpoqaHanSansNeo-Light.otf in Resources */ = {isa = PBXBuildFile; fileRef = 27A02698298BAC6400F71705 /* SpoqaHanSansNeo-Light.otf */; };
		27A0269D298BAC6500F71705 /* SpoqaHanSansNeo-Bold.otf in Resources */ = {isa = PBXBuildFile; fileRef = 27A02699298BAC6400F71705 /* SpoqaHanSansNeo-Bold.otf */; };
		27A0269F298C064F00F71705 /* SideButtonCell.swift in Sources */ = {isa = PBXBuildFile; fileRef = 27A0269E298C064F00F71705 /* SideButtonCell.swift */; };
		27A026A1298C11A300F71705 /* NaverMap.swift in Sources */ = {isa = PBXBuildFile; fileRef = 27A026A0298C11A300F71705 /* NaverMap.swift */; };
		27D82C2F297A58EA004F3D94 /* Font+.swift in Sources */ = {isa = PBXBuildFile; fileRef = 27D82C2E297A58E9004F3D94 /* Font+.swift */; };
		27D82C3A297A5AC1004F3D94 /* SpoqaHanSansNeo-Regular.otf in Resources */ = {isa = PBXBuildFile; fileRef = 27D82C35297A5AC0004F3D94 /* SpoqaHanSansNeo-Regular.otf */; };
		27D82C3F297A6F29004F3D94 /* MapViewModel.swift in Sources */ = {isa = PBXBuildFile; fileRef = 27D82C3E297A6F29004F3D94 /* MapViewModel.swift */; };
		27D82C4C297A875F004F3D94 /* BottomSheet.swift in Sources */ = {isa = PBXBuildFile; fileRef = 27D82C4B297A875F004F3D94 /* BottomSheet.swift */; };
		27D82C58298780D8004F3D94 /* MarkerDetailView.swift in Sources */ = {isa = PBXBuildFile; fileRef = 27D82C57298780D8004F3D94 /* MarkerDetailView.swift */; };
		3A306746297A82BE0085CC6A /* Color.swift in Sources */ = {isa = PBXBuildFile; fileRef = 3A306745297A82BE0085CC6A /* Color.swift */; };
		3AA43A5529778EE400EB8551 /* BottleShopView_Search.swift in Sources */ = {isa = PBXBuildFile; fileRef = 3AA43A5429778EE400EB8551 /* BottleShopView_Search.swift */; };
		3AA43A5729778EFB00EB8551 /* BottleShopView_Notice.swift in Sources */ = {isa = PBXBuildFile; fileRef = 3AA43A5629778EFB00EB8551 /* BottleShopView_Notice.swift */; };
		3AA43A5929778F2D00EB8551 /* BottleShopDetailView.swift in Sources */ = {isa = PBXBuildFile; fileRef = 3AA43A5829778F2C00EB8551 /* BottleShopDetailView.swift */; };
		3AA43A5B29778F7200EB8551 /* BottleShopCurationView.swift in Sources */ = {isa = PBXBuildFile; fileRef = 3AA43A5A29778F7200EB8551 /* BottleShopCurationView.swift */; };
		3AA43A5D2977C8BD00EB8551 /* BottleShopView_BottleList.swift in Sources */ = {isa = PBXBuildFile; fileRef = 3AA43A5C2977C8BD00EB8551 /* BottleShopView_BottleList.swift */; };
		3AA43A612977E0AB00EB8551 /* BottleShopView_NoticeCell.swift in Sources */ = {isa = PBXBuildFile; fileRef = 3AA43A602977E0AB00EB8551 /* BottleShopView_NoticeCell.swift */; };
		59883C3FF144E2CA845F4DE6 /* Pods_Bottles_V2_Bottles_V2UITests.framework in Frameworks */ = {isa = PBXBuildFile; fileRef = 2F7212C83841D45D9D79A471 /* Pods_Bottles_V2_Bottles_V2UITests.framework */; };
		7F2142BC2977956D0046D420 /* SettingView.swift in Sources */ = {isa = PBXBuildFile; fileRef = 7F2142BB2977956D0046D420 /* SettingView.swift */; };
		7F2142BE2977AF290046D420 /* PickUpListView.swift in Sources */ = {isa = PBXBuildFile; fileRef = 7F2142BD2977AF290046D420 /* PickUpListView.swift */; };
		7F2142C02977AF5E0046D420 /* PickUpListCell.swift in Sources */ = {isa = PBXBuildFile; fileRef = 7F2142BF2977AF5E0046D420 /* PickUpListCell.swift */; };
		7F2142C22977B43B0046D420 /* PickUpDetailView.swift in Sources */ = {isa = PBXBuildFile; fileRef = 7F2142C12977B43B0046D420 /* PickUpDetailView.swift */; };
		7F5397BE2989F9DC00A67CDA /* MainLoginView.swift in Sources */ = {isa = PBXBuildFile; fileRef = 7F5397BD2989F9DC00A67CDA /* MainLoginView.swift */; };
		7F5857B4298A00AD003402B0 /* Image+.swift in Sources */ = {isa = PBXBuildFile; fileRef = 7F5857B3298A00AD003402B0 /* Image+.swift */; };
		7F5857B6298A35FB003402B0 /* TotalLoginView.swift in Sources */ = {isa = PBXBuildFile; fileRef = 7F5857B5298A35FB003402B0 /* TotalLoginView.swift */; };
		7F5857B8298A37E3003402B0 /* EmailLoginView.swift in Sources */ = {isa = PBXBuildFile; fileRef = 7F5857B7298A37E3003402B0 /* EmailLoginView.swift */; };
		7F647DC32988B69D0022590A /* SafariWebView.swift in Sources */ = {isa = PBXBuildFile; fileRef = 7F647DC22988B69D0022590A /* SafariWebView.swift */; };
		7F76AAF429876D0E00AAEBCA /* EmailRegisterView.swift in Sources */ = {isa = PBXBuildFile; fileRef = 7F76AAF329876D0E00AAEBCA /* EmailRegisterView.swift */; };
		7F76AAF6298780B100AAEBCA /* View+.swift in Sources */ = {isa = PBXBuildFile; fileRef = 7F76AAF5298780B100AAEBCA /* View+.swift */; };
		7FB3D69E298CAB5300EA8884 /* CustomAlertView.swift in Sources */ = {isa = PBXBuildFile; fileRef = 7FB3D69D298CAB5300EA8884 /* CustomAlertView.swift */; };
		7FB3D6A0298CB97B00EA8884 /* CustomAlertModifier.swift in Sources */ = {isa = PBXBuildFile; fileRef = 7FB3D69F298CB97B00EA8884 /* CustomAlertModifier.swift */; };
		9216C1B92977AF1D00217C7F /* ReservationView_Sheet.swift in Sources */ = {isa = PBXBuildFile; fileRef = 9216C1B82977AF1D00217C7F /* ReservationView_Sheet.swift */; };
		9216C1BB2977B0DB00217C7F /* ReservationPageView.swift in Sources */ = {isa = PBXBuildFile; fileRef = 9216C1BA2977B0DB00217C7F /* ReservationPageView.swift */; };
		9216C1BD2977B4BF00217C7F /* ReservedView.swift in Sources */ = {isa = PBXBuildFile; fileRef = 9216C1BC2977B4BF00217C7F /* ReservedView.swift */; };
		9216C1BF2977B5E100217C7F /* ReservedView_BottleShop.swift in Sources */ = {isa = PBXBuildFile; fileRef = 9216C1BE2977B5E100217C7F /* ReservedView_BottleShop.swift */; };
		923D1D40297E783D00988EE3 /* ReservationPageView_BottleCell.swift in Sources */ = {isa = PBXBuildFile; fileRef = 923D1D3F297E783D00988EE3 /* ReservationPageView_BottleCell.swift */; };
		92906F9B297E3B7C00580EC2 /* ReservationView.swift in Sources */ = {isa = PBXBuildFile; fileRef = 92906F9A297E3B7C00580EC2 /* ReservationView.swift */; };
		92906F9D297E3EB600580EC2 /* BottleView_Detail.swift in Sources */ = {isa = PBXBuildFile; fileRef = 92906F9C297E3EB600580EC2 /* BottleView_Detail.swift */; };
		9293B9DB297A544E00E1EB34 /* BottleView_ShopCell.swift in Sources */ = {isa = PBXBuildFile; fileRef = 9293B9DA297A544E00E1EB34 /* BottleView_ShopCell.swift */; };
		ABE1CA6E6BE31F60C644A53F /* Pods_Bottles_V2Tests.framework in Frameworks */ = {isa = PBXBuildFile; fileRef = DBE1B82F061C370C4C230905 /* Pods_Bottles_V2Tests.framework */; };
		AE106FFF2977B19B00AF9D1B /* BookMarkBottleList.swift in Sources */ = {isa = PBXBuildFile; fileRef = AE106FFE2977B19B00AF9D1B /* BookMarkBottleList.swift */; };
		AE1070012977B1B000AF9D1B /* BookMarkShopList.swift in Sources */ = {isa = PBXBuildFile; fileRef = AE1070002977B1B000AF9D1B /* BookMarkShopList.swift */; };
		AE10700D2977DB2700AF9D1B /* CartViewNavigationLink.swift in Sources */ = {isa = PBXBuildFile; fileRef = AE10700C2977DB2700AF9D1B /* CartViewNavigationLink.swift */; };
		AE2AD6DD298BF9EE00C40EE8 /* SearchModel.xcdatamodeld in Sources */ = {isa = PBXBuildFile; fileRef = AE2AD6DB298BF9EE00C40EE8 /* SearchModel.xcdatamodeld */; };
		AE2AD6DF298BFAB000C40EE8 /* DataController.swift in Sources */ = {isa = PBXBuildFile; fileRef = AE2AD6DE298BFAB000C40EE8 /* DataController.swift */; };
		AE6E0AC1298110970002183B /* BookMarkTestModel.swift in Sources */ = {isa = PBXBuildFile; fileRef = AE6E0AC0298110960002183B /* BookMarkTestModel.swift */; };
		AE9E77082978179200A6B9D4 /* MainTabView.swift in Sources */ = {isa = PBXBuildFile; fileRef = AE9E77072978179200A6B9D4 /* MainTabView.swift */; };
		D5769B31298C8E73005528DB /* AuthStore.swift in Sources */ = {isa = PBXBuildFile; fileRef = D5769B30298C8E73005528DB /* AuthStore.swift */; };
		D5DCFE9D29778B5A00BAF7BE /* CartCell.swift in Sources */ = {isa = PBXBuildFile; fileRef = D5DCFE9C29778B5A00BAF7BE /* CartCell.swift */; };
		D5DCFE9F2977B18900BAF7BE /* NotificationCell.swift in Sources */ = {isa = PBXBuildFile; fileRef = D5DCFE9E2977B18900BAF7BE /* NotificationCell.swift */; };
		D5E26941298B40E700C975F4 /* TestRegisterView.swift in Sources */ = {isa = PBXBuildFile; fileRef = D5E26940298B40E700C975F4 /* TestRegisterView.swift */; };
		D5E26943298B433800C975F4 /* TestLoginView.swift in Sources */ = {isa = PBXBuildFile; fileRef = D5E26942298B433800C975F4 /* TestLoginView.swift */; };
		D746C974298A41F400E27E16 /* GoogleService-Info.plist in Resources */ = {isa = PBXBuildFile; fileRef = D746C973298A41F400E27E16 /* GoogleService-Info.plist */; };
		D746C977298A426200E27E16 /* FirebaseAuth in Frameworks */ = {isa = PBXBuildFile; productRef = D746C976298A426200E27E16 /* FirebaseAuth */; };
		D746C979298A426200E27E16 /* FirebaseFirestore in Frameworks */ = {isa = PBXBuildFile; productRef = D746C978298A426200E27E16 /* FirebaseFirestore */; };
		D746C97B298A426200E27E16 /* FirebaseFirestoreSwift in Frameworks */ = {isa = PBXBuildFile; productRef = D746C97A298A426200E27E16 /* FirebaseFirestoreSwift */; };
		D746C97D298A426200E27E16 /* FirebaseStorage in Frameworks */ = {isa = PBXBuildFile; productRef = D746C97C298A426200E27E16 /* FirebaseStorage */; };
		D7DBD7ED2988EA52002684DC /* UserDataStore.swift in Sources */ = {isa = PBXBuildFile; fileRef = D7DBD7EB2988EA52002684DC /* UserDataStore.swift */; };
		D7DBD7EE2988EA52002684DC /* ShopDataStore.swift in Sources */ = {isa = PBXBuildFile; fileRef = D7DBD7EC2988EA52002684DC /* ShopDataStore.swift */; };
		FA5F9154FC7F0EBC00575DE8 /* Pods_Bottles_V2.framework in Frameworks */ = {isa = PBXBuildFile; fileRef = 3277F429A194BD1A1F31FB58 /* Pods_Bottles_V2.framework */; };
/* End PBXBuildFile section */

/* Begin PBXContainerItemProxy section */
		0427F572297677E90023E745 /* PBXContainerItemProxy */ = {
			isa = PBXContainerItemProxy;
			containerPortal = 0427F559297677E60023E745 /* Project object */;
			proxyType = 1;
			remoteGlobalIDString = 0427F560297677E60023E745;
			remoteInfo = Bottles_V2;
		};
		0427F57C297677E90023E745 /* PBXContainerItemProxy */ = {
			isa = PBXContainerItemProxy;
			containerPortal = 0427F559297677E60023E745 /* Project object */;
			proxyType = 1;
			remoteGlobalIDString = 0427F560297677E60023E745;
			remoteInfo = Bottles_V2;
		};
/* End PBXContainerItemProxy section */

/* Begin PBXFileReference section */
		029A23D0297A58BF00E7D602 /* BottleDataStore.swift */ = {isa = PBXFileReference; lastKnownFileType = sourcecode.swift; path = BottleDataStore.swift; sourceTree = "<group>"; };
		0427F561297677E60023E745 /* Bottles_V2.app */ = {isa = PBXFileReference; explicitFileType = wrapper.application; includeInIndex = 0; path = Bottles_V2.app; sourceTree = BUILT_PRODUCTS_DIR; };
		0427F564297677E60023E745 /* Bottles_V2App.swift */ = {isa = PBXFileReference; lastKnownFileType = sourcecode.swift; path = Bottles_V2App.swift; sourceTree = "<group>"; };
		0427F568297677E80023E745 /* Assets.xcassets */ = {isa = PBXFileReference; lastKnownFileType = folder.assetcatalog; path = Assets.xcassets; sourceTree = "<group>"; };
		0427F56B297677E80023E745 /* Preview Assets.xcassets */ = {isa = PBXFileReference; lastKnownFileType = folder.assetcatalog; path = "Preview Assets.xcassets"; sourceTree = "<group>"; };
		0427F571297677E90023E745 /* Bottles_V2Tests.xctest */ = {isa = PBXFileReference; explicitFileType = wrapper.cfbundle; includeInIndex = 0; path = Bottles_V2Tests.xctest; sourceTree = BUILT_PRODUCTS_DIR; };
		0427F575297677E90023E745 /* Bottles_V2Tests.swift */ = {isa = PBXFileReference; lastKnownFileType = sourcecode.swift; path = Bottles_V2Tests.swift; sourceTree = "<group>"; };
		0427F57B297677E90023E745 /* Bottles_V2UITests.xctest */ = {isa = PBXFileReference; explicitFileType = wrapper.cfbundle; includeInIndex = 0; path = Bottles_V2UITests.xctest; sourceTree = BUILT_PRODUCTS_DIR; };
		0427F57F297677E90023E745 /* Bottles_V2UITests.swift */ = {isa = PBXFileReference; lastKnownFileType = sourcecode.swift; path = Bottles_V2UITests.swift; sourceTree = "<group>"; };
		0427F581297677E90023E745 /* Bottles_V2UITestsLaunchTests.swift */ = {isa = PBXFileReference; lastKnownFileType = sourcecode.swift; path = Bottles_V2UITestsLaunchTests.swift; sourceTree = "<group>"; };
		04F8B894297A62C00098DE93 /* Bottles_V2.entitlements */ = {isa = PBXFileReference; lastKnownFileType = text.plist.entitlements; path = Bottles_V2.entitlements; sourceTree = "<group>"; };
		04F8B899297A64900098DE93 /* SessionManager.swift */ = {isa = PBXFileReference; lastKnownFileType = sourcecode.swift; path = SessionManager.swift; sourceTree = "<group>"; };
		04F8B89B297A64FA0098DE93 /* SignupView.swift */ = {isa = PBXFileReference; lastKnownFileType = sourcecode.swift; path = SignupView.swift; sourceTree = "<group>"; };
		04F8B89D297A652F0098DE93 /* LogInView.swift */ = {isa = PBXFileReference; lastKnownFileType = sourcecode.swift; path = LogInView.swift; sourceTree = "<group>"; };
		04F8B89F297A83020098DE93 /* ConfirmationView.swift */ = {isa = PBXFileReference; lastKnownFileType = sourcecode.swift; path = ConfirmationView.swift; sourceTree = "<group>"; };
		04F8B8A1297B00EB0098DE93 /* SessionView.swift */ = {isa = PBXFileReference; lastKnownFileType = sourcecode.swift; path = SessionView.swift; sourceTree = "<group>"; };
		1A4B03D15F61D2058B49F1EB /* Pods-Bottles_V2Tests.debug.xcconfig */ = {isa = PBXFileReference; includeInIndex = 1; lastKnownFileType = text.xcconfig; name = "Pods-Bottles_V2Tests.debug.xcconfig"; path = "Target Support Files/Pods-Bottles_V2Tests/Pods-Bottles_V2Tests.debug.xcconfig"; sourceTree = "<group>"; };
		1E38E30FED3A6D500B88EE64 /* Pods-Bottles_V2-Bottles_V2UITests.release.xcconfig */ = {isa = PBXFileReference; includeInIndex = 1; lastKnownFileType = text.xcconfig; name = "Pods-Bottles_V2-Bottles_V2UITests.release.xcconfig"; path = "Target Support Files/Pods-Bottles_V2-Bottles_V2UITests/Pods-Bottles_V2-Bottles_V2UITests.release.xcconfig"; sourceTree = "<group>"; };
		26A66484298CC6F1004E15EA /* User.swift */ = {isa = PBXFileReference; lastKnownFileType = sourcecode.swift; path = User.swift; sourceTree = "<group>"; };
		26A66486298CC865004E15EA /* UserStore.swift */ = {isa = PBXFileReference; lastKnownFileType = sourcecode.swift; path = UserStore.swift; sourceTree = "<group>"; };
		27281CE22977854D003BE8B4 /* MapView.swift */ = {isa = PBXFileReference; lastKnownFileType = sourcecode.swift; path = MapView.swift; sourceTree = "<group>"; };
		27281CE52977856A003BE8B4 /* CartView.swift */ = {isa = PBXFileReference; lastKnownFileType = sourcecode.swift; path = CartView.swift; sourceTree = "<group>"; };
		27281CEA297785AA003BE8B4 /* BottleShopView.swift */ = {isa = PBXFileReference; lastKnownFileType = sourcecode.swift; path = BottleShopView.swift; sourceTree = "<group>"; };
		27281CEC297785B2003BE8B4 /* BottleView.swift */ = {isa = PBXFileReference; lastKnownFileType = sourcecode.swift; path = BottleView.swift; sourceTree = "<group>"; };
		27281CEF297785DC003BE8B4 /* BookMarkView.swift */ = {isa = PBXFileReference; lastKnownFileType = sourcecode.swift; path = BookMarkView.swift; sourceTree = "<group>"; };
		27281CF42977860B003BE8B4 /* NotificationView.swift */ = {isa = PBXFileReference; lastKnownFileType = sourcecode.swift; path = NotificationView.swift; sourceTree = "<group>"; };
		27281CF72977862F003BE8B4 /* MyPageView.swift */ = {isa = PBXFileReference; lastKnownFileType = sourcecode.swift; path = MyPageView.swift; sourceTree = "<group>"; };
		27281CF92977A650003BE8B4 /* Bottles-V2-Info.plist */ = {isa = PBXFileReference; lastKnownFileType = text.plist; path = "Bottles-V2-Info.plist"; sourceTree = SOURCE_ROOT; };
		27281CFA2977AD3B003BE8B4 /* MapViewSearchBar.swift */ = {isa = PBXFileReference; lastKnownFileType = sourcecode.swift; path = MapViewSearchBar.swift; sourceTree = "<group>"; };
		27281CFC2977B851003BE8B4 /* NearBySheetView.swift */ = {isa = PBXFileReference; lastKnownFileType = sourcecode.swift; path = NearBySheetView.swift; sourceTree = "<group>"; };
		276367E1298A584300C04CFA /* MarkerDetailSheet.swift */ = {isa = PBXFileReference; lastKnownFileType = sourcecode.swift; path = MarkerDetailSheet.swift; sourceTree = "<group>"; };
		27A02682298B51AC00F71705 /* SearchView.swift */ = {isa = PBXFileReference; fileEncoding = 4; lastKnownFileType = sourcecode.swift; path = SearchView.swift; sourceTree = "<group>"; };
		27A02683298B51AC00F71705 /* RecentlyItemList.swift */ = {isa = PBXFileReference; fileEncoding = 4; lastKnownFileType = sourcecode.swift; path = RecentlyItemList.swift; sourceTree = "<group>"; };
		27A02684298B51AC00F71705 /* SearchBottleList.swift */ = {isa = PBXFileReference; fileEncoding = 4; lastKnownFileType = sourcecode.swift; path = SearchBottleList.swift; sourceTree = "<group>"; };
		27A02685298B51AC00F71705 /* SearchShopList.swift */ = {isa = PBXFileReference; fileEncoding = 4; lastKnownFileType = sourcecode.swift; path = SearchShopList.swift; sourceTree = "<group>"; };
		27A02686298B51AC00F71705 /* SearchViewNavigationLabel.swift */ = {isa = PBXFileReference; fileEncoding = 4; lastKnownFileType = sourcecode.swift; path = SearchViewNavigationLabel.swift; sourceTree = "<group>"; };
		27A02687298B51AC00F71705 /* SearchViewSearchBar.swift */ = {isa = PBXFileReference; fileEncoding = 4; lastKnownFileType = sourcecode.swift; path = SearchViewSearchBar.swift; sourceTree = "<group>"; };
		27A02688298B51AC00F71705 /* SearchResultList.swift */ = {isa = PBXFileReference; fileEncoding = 4; lastKnownFileType = sourcecode.swift; path = SearchResultList.swift; sourceTree = "<group>"; };
		27A02696298BAC6300F71705 /* SpoqaHanSansNeo-Thin.otf */ = {isa = PBXFileReference; lastKnownFileType = file; path = "SpoqaHanSansNeo-Thin.otf"; sourceTree = "<group>"; };
		27A02697298BAC6400F71705 /* SpoqaHanSansNeo-Medium.otf */ = {isa = PBXFileReference; lastKnownFileType = file; path = "SpoqaHanSansNeo-Medium.otf"; sourceTree = "<group>"; };
		27A02698298BAC6400F71705 /* SpoqaHanSansNeo-Light.otf */ = {isa = PBXFileReference; lastKnownFileType = file; path = "SpoqaHanSansNeo-Light.otf"; sourceTree = "<group>"; };
		27A02699298BAC6400F71705 /* SpoqaHanSansNeo-Bold.otf */ = {isa = PBXFileReference; lastKnownFileType = file; path = "SpoqaHanSansNeo-Bold.otf"; sourceTree = "<group>"; };
		27A0269E298C064F00F71705 /* SideButtonCell.swift */ = {isa = PBXFileReference; lastKnownFileType = sourcecode.swift; path = SideButtonCell.swift; sourceTree = "<group>"; };
		27A026A0298C11A300F71705 /* NaverMap.swift */ = {isa = PBXFileReference; fileEncoding = 4; lastKnownFileType = sourcecode.swift; path = NaverMap.swift; sourceTree = "<group>"; };
		27D82C2E297A58E9004F3D94 /* Font+.swift */ = {isa = PBXFileReference; lastKnownFileType = sourcecode.swift; path = "Font+.swift"; sourceTree = "<group>"; };
		27D82C35297A5AC0004F3D94 /* SpoqaHanSansNeo-Regular.otf */ = {isa = PBXFileReference; lastKnownFileType = file; path = "SpoqaHanSansNeo-Regular.otf"; sourceTree = "<group>"; };
		27D82C3E297A6F29004F3D94 /* MapViewModel.swift */ = {isa = PBXFileReference; lastKnownFileType = sourcecode.swift; path = MapViewModel.swift; sourceTree = "<group>"; };
		27D82C4B297A875F004F3D94 /* BottomSheet.swift */ = {isa = PBXFileReference; lastKnownFileType = sourcecode.swift; path = BottomSheet.swift; sourceTree = "<group>"; };
		27D82C57298780D8004F3D94 /* MarkerDetailView.swift */ = {isa = PBXFileReference; lastKnownFileType = sourcecode.swift; path = MarkerDetailView.swift; sourceTree = "<group>"; };
		2F7212C83841D45D9D79A471 /* Pods_Bottles_V2_Bottles_V2UITests.framework */ = {isa = PBXFileReference; explicitFileType = wrapper.framework; includeInIndex = 0; path = Pods_Bottles_V2_Bottles_V2UITests.framework; sourceTree = BUILT_PRODUCTS_DIR; };
		3277F429A194BD1A1F31FB58 /* Pods_Bottles_V2.framework */ = {isa = PBXFileReference; explicitFileType = wrapper.framework; includeInIndex = 0; path = Pods_Bottles_V2.framework; sourceTree = BUILT_PRODUCTS_DIR; };
		3A306745297A82BE0085CC6A /* Color.swift */ = {isa = PBXFileReference; lastKnownFileType = sourcecode.swift; path = Color.swift; sourceTree = "<group>"; };
		3AA43A5429778EE400EB8551 /* BottleShopView_Search.swift */ = {isa = PBXFileReference; lastKnownFileType = sourcecode.swift; path = BottleShopView_Search.swift; sourceTree = "<group>"; };
		3AA43A5629778EFB00EB8551 /* BottleShopView_Notice.swift */ = {isa = PBXFileReference; lastKnownFileType = sourcecode.swift; path = BottleShopView_Notice.swift; sourceTree = "<group>"; };
		3AA43A5829778F2C00EB8551 /* BottleShopDetailView.swift */ = {isa = PBXFileReference; lastKnownFileType = sourcecode.swift; path = BottleShopDetailView.swift; sourceTree = "<group>"; };
		3AA43A5A29778F7200EB8551 /* BottleShopCurationView.swift */ = {isa = PBXFileReference; lastKnownFileType = sourcecode.swift; path = BottleShopCurationView.swift; sourceTree = "<group>"; };
		3AA43A5C2977C8BD00EB8551 /* BottleShopView_BottleList.swift */ = {isa = PBXFileReference; lastKnownFileType = sourcecode.swift; path = BottleShopView_BottleList.swift; sourceTree = "<group>"; };
		3AA43A602977E0AB00EB8551 /* BottleShopView_NoticeCell.swift */ = {isa = PBXFileReference; lastKnownFileType = sourcecode.swift; path = BottleShopView_NoticeCell.swift; sourceTree = "<group>"; };
		4F05C0664583932B22FDC119 /* Pods-Bottles_V2Tests.release.xcconfig */ = {isa = PBXFileReference; includeInIndex = 1; lastKnownFileType = text.xcconfig; name = "Pods-Bottles_V2Tests.release.xcconfig"; path = "Target Support Files/Pods-Bottles_V2Tests/Pods-Bottles_V2Tests.release.xcconfig"; sourceTree = "<group>"; };
		4F497AFA31D64A6C7C8D5DAB /* Pods-Bottles_V2.debug.xcconfig */ = {isa = PBXFileReference; includeInIndex = 1; lastKnownFileType = text.xcconfig; name = "Pods-Bottles_V2.debug.xcconfig"; path = "Target Support Files/Pods-Bottles_V2/Pods-Bottles_V2.debug.xcconfig"; sourceTree = "<group>"; };
		534C0901FECD300F1E9C28B3 /* Pods-Bottles_V2-Bottles_V2UITests.debug.xcconfig */ = {isa = PBXFileReference; includeInIndex = 1; lastKnownFileType = text.xcconfig; name = "Pods-Bottles_V2-Bottles_V2UITests.debug.xcconfig"; path = "Target Support Files/Pods-Bottles_V2-Bottles_V2UITests/Pods-Bottles_V2-Bottles_V2UITests.debug.xcconfig"; sourceTree = "<group>"; };
		7F2142BB2977956D0046D420 /* SettingView.swift */ = {isa = PBXFileReference; lastKnownFileType = sourcecode.swift; path = SettingView.swift; sourceTree = "<group>"; };
		7F2142BD2977AF290046D420 /* PickUpListView.swift */ = {isa = PBXFileReference; lastKnownFileType = sourcecode.swift; path = PickUpListView.swift; sourceTree = "<group>"; };
		7F2142BF2977AF5E0046D420 /* PickUpListCell.swift */ = {isa = PBXFileReference; lastKnownFileType = sourcecode.swift; path = PickUpListCell.swift; sourceTree = "<group>"; };
		7F2142C12977B43B0046D420 /* PickUpDetailView.swift */ = {isa = PBXFileReference; lastKnownFileType = sourcecode.swift; path = PickUpDetailView.swift; sourceTree = "<group>"; };
		7F5397BD2989F9DC00A67CDA /* MainLoginView.swift */ = {isa = PBXFileReference; lastKnownFileType = sourcecode.swift; path = MainLoginView.swift; sourceTree = "<group>"; };
		7F5857B3298A00AD003402B0 /* Image+.swift */ = {isa = PBXFileReference; lastKnownFileType = sourcecode.swift; path = "Image+.swift"; sourceTree = "<group>"; };
		7F5857B5298A35FB003402B0 /* TotalLoginView.swift */ = {isa = PBXFileReference; lastKnownFileType = sourcecode.swift; path = TotalLoginView.swift; sourceTree = "<group>"; };
		7F5857B7298A37E3003402B0 /* EmailLoginView.swift */ = {isa = PBXFileReference; lastKnownFileType = sourcecode.swift; path = EmailLoginView.swift; sourceTree = "<group>"; };
		7F647DC22988B69D0022590A /* SafariWebView.swift */ = {isa = PBXFileReference; lastKnownFileType = sourcecode.swift; path = SafariWebView.swift; sourceTree = "<group>"; };
		7F76AAF329876D0E00AAEBCA /* EmailRegisterView.swift */ = {isa = PBXFileReference; lastKnownFileType = sourcecode.swift; path = EmailRegisterView.swift; sourceTree = "<group>"; };
		7F76AAF5298780B100AAEBCA /* View+.swift */ = {isa = PBXFileReference; lastKnownFileType = sourcecode.swift; path = "View+.swift"; sourceTree = "<group>"; };
		7FB3D69D298CAB5300EA8884 /* CustomAlertView.swift */ = {isa = PBXFileReference; lastKnownFileType = sourcecode.swift; path = CustomAlertView.swift; sourceTree = "<group>"; };
		7FB3D69F298CB97B00EA8884 /* CustomAlertModifier.swift */ = {isa = PBXFileReference; lastKnownFileType = sourcecode.swift; path = CustomAlertModifier.swift; sourceTree = "<group>"; };
		9216C1B82977AF1D00217C7F /* ReservationView_Sheet.swift */ = {isa = PBXFileReference; lastKnownFileType = sourcecode.swift; path = ReservationView_Sheet.swift; sourceTree = "<group>"; };
		9216C1BA2977B0DB00217C7F /* ReservationPageView.swift */ = {isa = PBXFileReference; lastKnownFileType = sourcecode.swift; path = ReservationPageView.swift; sourceTree = "<group>"; };
		9216C1BC2977B4BF00217C7F /* ReservedView.swift */ = {isa = PBXFileReference; lastKnownFileType = sourcecode.swift; path = ReservedView.swift; sourceTree = "<group>"; };
		9216C1BE2977B5E100217C7F /* ReservedView_BottleShop.swift */ = {isa = PBXFileReference; lastKnownFileType = sourcecode.swift; path = ReservedView_BottleShop.swift; sourceTree = "<group>"; };
		923D1D3F297E783D00988EE3 /* ReservationPageView_BottleCell.swift */ = {isa = PBXFileReference; lastKnownFileType = sourcecode.swift; path = ReservationPageView_BottleCell.swift; sourceTree = "<group>"; };
		92906F9A297E3B7C00580EC2 /* ReservationView.swift */ = {isa = PBXFileReference; lastKnownFileType = sourcecode.swift; path = ReservationView.swift; sourceTree = "<group>"; };
		92906F9C297E3EB600580EC2 /* BottleView_Detail.swift */ = {isa = PBXFileReference; lastKnownFileType = sourcecode.swift; path = BottleView_Detail.swift; sourceTree = "<group>"; };
		9293B9DA297A544E00E1EB34 /* BottleView_ShopCell.swift */ = {isa = PBXFileReference; lastKnownFileType = sourcecode.swift; path = BottleView_ShopCell.swift; sourceTree = "<group>"; };
		92D45CA42988B35300DB4D11 /* Modifiers.swift */ = {isa = PBXFileReference; lastKnownFileType = sourcecode.swift; path = Modifiers.swift; sourceTree = "<group>"; };
		92D45CA62988F73700DB4D11 /* ReservationPageView_Info.swift */ = {isa = PBXFileReference; lastKnownFileType = sourcecode.swift; path = ReservationPageView_Info.swift; sourceTree = "<group>"; };
		92D45CAA2988FC2B00DB4D11 /* BottleView_Info.swift */ = {isa = PBXFileReference; lastKnownFileType = sourcecode.swift; path = BottleView_Info.swift; sourceTree = "<group>"; };
		AE106FFE2977B19B00AF9D1B /* BookMarkBottleList.swift */ = {isa = PBXFileReference; lastKnownFileType = sourcecode.swift; path = BookMarkBottleList.swift; sourceTree = "<group>"; };
		AE1070002977B1B000AF9D1B /* BookMarkShopList.swift */ = {isa = PBXFileReference; lastKnownFileType = sourcecode.swift; path = BookMarkShopList.swift; sourceTree = "<group>"; };
		AE10700C2977DB2700AF9D1B /* CartViewNavigationLink.swift */ = {isa = PBXFileReference; lastKnownFileType = sourcecode.swift; path = CartViewNavigationLink.swift; sourceTree = "<group>"; };
		AE2AD6DC298BF9EE00C40EE8 /* SearchModel.xcdatamodel */ = {isa = PBXFileReference; lastKnownFileType = wrapper.xcdatamodel; path = SearchModel.xcdatamodel; sourceTree = "<group>"; };
		AE2AD6DE298BFAB000C40EE8 /* DataController.swift */ = {isa = PBXFileReference; lastKnownFileType = sourcecode.swift; path = DataController.swift; sourceTree = "<group>"; };
		AE6E0AC0298110960002183B /* BookMarkTestModel.swift */ = {isa = PBXFileReference; lastKnownFileType = sourcecode.swift; path = BookMarkTestModel.swift; sourceTree = "<group>"; };
		AE9E77072978179200A6B9D4 /* MainTabView.swift */ = {isa = PBXFileReference; lastKnownFileType = sourcecode.swift; path = MainTabView.swift; sourceTree = "<group>"; };
		D5769B30298C8E73005528DB /* AuthStore.swift */ = {isa = PBXFileReference; lastKnownFileType = sourcecode.swift; path = AuthStore.swift; sourceTree = "<group>"; };
		D5DCFE9C29778B5A00BAF7BE /* CartCell.swift */ = {isa = PBXFileReference; lastKnownFileType = sourcecode.swift; path = CartCell.swift; sourceTree = "<group>"; };
		D5DCFE9E2977B18900BAF7BE /* NotificationCell.swift */ = {isa = PBXFileReference; lastKnownFileType = sourcecode.swift; path = NotificationCell.swift; sourceTree = "<group>"; };
		D5E26940298B40E700C975F4 /* TestRegisterView.swift */ = {isa = PBXFileReference; lastKnownFileType = sourcecode.swift; path = TestRegisterView.swift; sourceTree = "<group>"; };
		D5E26942298B433800C975F4 /* TestLoginView.swift */ = {isa = PBXFileReference; lastKnownFileType = sourcecode.swift; path = TestLoginView.swift; sourceTree = "<group>"; };
		D746C973298A41F400E27E16 /* GoogleService-Info.plist */ = {isa = PBXFileReference; fileEncoding = 4; lastKnownFileType = text.plist.xml; path = "GoogleService-Info.plist"; sourceTree = "<group>"; };
		D7DBD7EB2988EA52002684DC /* UserDataStore.swift */ = {isa = PBXFileReference; fileEncoding = 4; lastKnownFileType = sourcecode.swift; path = UserDataStore.swift; sourceTree = "<group>"; };
		D7DBD7EC2988EA52002684DC /* ShopDataStore.swift */ = {isa = PBXFileReference; fileEncoding = 4; lastKnownFileType = sourcecode.swift; path = ShopDataStore.swift; sourceTree = "<group>"; };
		DAA16DBB1B2143E762C79565 /* Pods-Bottles_V2.release.xcconfig */ = {isa = PBXFileReference; includeInIndex = 1; lastKnownFileType = text.xcconfig; name = "Pods-Bottles_V2.release.xcconfig"; path = "Target Support Files/Pods-Bottles_V2/Pods-Bottles_V2.release.xcconfig"; sourceTree = "<group>"; };
		DBE1B82F061C370C4C230905 /* Pods_Bottles_V2Tests.framework */ = {isa = PBXFileReference; explicitFileType = wrapper.framework; includeInIndex = 0; path = Pods_Bottles_V2Tests.framework; sourceTree = BUILT_PRODUCTS_DIR; };
/* End PBXFileReference section */

/* Begin PBXFrameworksBuildPhase section */
		0427F55E297677E60023E745 /* Frameworks */ = {
			isa = PBXFrameworksBuildPhase;
			buildActionMask = 2147483647;
			files = (
				FA5F9154FC7F0EBC00575DE8 /* Pods_Bottles_V2.framework in Frameworks */,
				D746C977298A426200E27E16 /* FirebaseAuth in Frameworks */,
				D746C979298A426200E27E16 /* FirebaseFirestore in Frameworks */,
				D746C97D298A426200E27E16 /* FirebaseStorage in Frameworks */,
				D746C97B298A426200E27E16 /* FirebaseFirestoreSwift in Frameworks */,
			);
			runOnlyForDeploymentPostprocessing = 0;
		};
		0427F56E297677E90023E745 /* Frameworks */ = {
			isa = PBXFrameworksBuildPhase;
			buildActionMask = 2147483647;
			files = (
				ABE1CA6E6BE31F60C644A53F /* Pods_Bottles_V2Tests.framework in Frameworks */,
			);
			runOnlyForDeploymentPostprocessing = 0;
		};
		0427F578297677E90023E745 /* Frameworks */ = {
			isa = PBXFrameworksBuildPhase;
			buildActionMask = 2147483647;
			files = (
				59883C3FF144E2CA845F4DE6 /* Pods_Bottles_V2_Bottles_V2UITests.framework in Frameworks */,
			);
			runOnlyForDeploymentPostprocessing = 0;
		};
/* End PBXFrameworksBuildPhase section */

/* Begin PBXGroup section */
		0165582615B4CA84F65E4BF0 /* Frameworks */ = {
			isa = PBXGroup;
			children = (
				3277F429A194BD1A1F31FB58 /* Pods_Bottles_V2.framework */,
				2F7212C83841D45D9D79A471 /* Pods_Bottles_V2_Bottles_V2UITests.framework */,
				DBE1B82F061C370C4C230905 /* Pods_Bottles_V2Tests.framework */,
			);
			name = Frameworks;
			sourceTree = "<group>";
		};
		0427F558297677E60023E745 = {
			isa = PBXGroup;
			children = (
				0427F563297677E60023E745 /* Bottles_V2 */,
				0427F574297677E90023E745 /* Bottles_V2Tests */,
				0427F57E297677E90023E745 /* Bottles_V2UITests */,
				0427F562297677E60023E745 /* Products */,
				4F68E6EA943499F3BCE118BF /* Pods */,
				0165582615B4CA84F65E4BF0 /* Frameworks */,
			);
			sourceTree = "<group>";
		};
		0427F562297677E60023E745 /* Products */ = {
			isa = PBXGroup;
			children = (
				0427F561297677E60023E745 /* Bottles_V2.app */,
				0427F571297677E90023E745 /* Bottles_V2Tests.xctest */,
				0427F57B297677E90023E745 /* Bottles_V2UITests.xctest */,
			);
			name = Products;
			sourceTree = "<group>";
		};
		0427F563297677E60023E745 /* Bottles_V2 */ = {
			isa = PBXGroup;
			children = (
				D746C973298A41F400E27E16 /* GoogleService-Info.plist */,
				0427F564297677E60023E745 /* Bottles_V2App.swift */,
				04F8B895297A64290098DE93 /* Sign */,
				04F8B894297A62C00098DE93 /* Bottles_V2.entitlements */,
				27281CF92977A650003BE8B4 /* Bottles-V2-Info.plist */,
				D5E2693F298B40B300C975F4 /* TestAuth */,
				27D82C3B297A5C0A004F3D94 /* Resource */,
				27D82C2D297A58C1004F3D94 /* Extension */,
				27281CE0297784ED003BE8B4 /* View */,
				D70CE4F82976823500DFC8CE /* ViewModel */,
				0427F568297677E80023E745 /* Assets.xcassets */,
				AE2AD6DB298BF9EE00C40EE8 /* SearchModel.xcdatamodeld */,
				0427F56A297677E80023E745 /* Preview Content */,
			);
			path = Bottles_V2;
			sourceTree = "<group>";
		};
		0427F56A297677E80023E745 /* Preview Content */ = {
			isa = PBXGroup;
			children = (
				0427F56B297677E80023E745 /* Preview Assets.xcassets */,
			);
			path = "Preview Content";
			sourceTree = "<group>";
		};
		0427F574297677E90023E745 /* Bottles_V2Tests */ = {
			isa = PBXGroup;
			children = (
				0427F575297677E90023E745 /* Bottles_V2Tests.swift */,
			);
			path = Bottles_V2Tests;
			sourceTree = "<group>";
		};
		0427F57E297677E90023E745 /* Bottles_V2UITests */ = {
			isa = PBXGroup;
			children = (
				0427F57F297677E90023E745 /* Bottles_V2UITests.swift */,
				0427F581297677E90023E745 /* Bottles_V2UITestsLaunchTests.swift */,
			);
			path = Bottles_V2UITests;
			sourceTree = "<group>";
		};
		04F8B895297A64290098DE93 /* Sign */ = {
			isa = PBXGroup;
			children = (
				04F8B899297A64900098DE93 /* SessionManager.swift */,
				04F8B89B297A64FA0098DE93 /* SignupView.swift */,
				04F8B89D297A652F0098DE93 /* LogInView.swift */,
				7F5397BD2989F9DC00A67CDA /* MainLoginView.swift */,
				04F8B89F297A83020098DE93 /* ConfirmationView.swift */,
				04F8B8A1297B00EB0098DE93 /* SessionView.swift */,
			);
			path = Sign;
			sourceTree = "<group>";
		};
		27281CE0297784ED003BE8B4 /* View */ = {
			isa = PBXGroup;
			children = (
				7FB3D69A298CAAF800EA8884 /* CustomAlert */,
				27A02681298B51AC00F71705 /* Search */,
				27281CEE297785BC003BE8B4 /* BookMark */,
				27281CE829778583003BE8B4 /* Bottle */,
				27281CE72977856C003BE8B4 /* BottleShop */,
				27281CE429778551003BE8B4 /* Cart */,
				7F76AAF02987659300AAEBCA /* LoginView */,
				AE9E77072978179200A6B9D4 /* MainTabView.swift */,
				27281CE1297784F6003BE8B4 /* Map */,
				27281CF629778621003BE8B4 /* MyPage */,
				27281CF3297785FE003BE8B4 /* Notification */,
			);
			path = View;
			sourceTree = "<group>";
		};
		27281CE1297784F6003BE8B4 /* Map */ = {
			isa = PBXGroup;
			children = (
				27281CE22977854D003BE8B4 /* MapView.swift */,
				27D82C4B297A875F004F3D94 /* BottomSheet.swift */,
				27281CFA2977AD3B003BE8B4 /* MapViewSearchBar.swift */,
				27281CFC2977B851003BE8B4 /* NearBySheetView.swift */,
				27D82C3E297A6F29004F3D94 /* MapViewModel.swift */,
				27A026A0298C11A300F71705 /* NaverMap.swift */,
				27D82C57298780D8004F3D94 /* MarkerDetailView.swift */,
				276367E1298A584300C04CFA /* MarkerDetailSheet.swift */,
				27A0269E298C064F00F71705 /* SideButtonCell.swift */,
			);
			path = Map;
			sourceTree = "<group>";
		};
		27281CE429778551003BE8B4 /* Cart */ = {
			isa = PBXGroup;
			children = (
				27281CE52977856A003BE8B4 /* CartView.swift */,
				D5DCFE9C29778B5A00BAF7BE /* CartCell.swift */,
			);
			path = Cart;
			sourceTree = "<group>";
		};
		27281CE72977856C003BE8B4 /* BottleShop */ = {
			isa = PBXGroup;
			children = (
				27281CEA297785AA003BE8B4 /* BottleShopView.swift */,
				3AA43A5429778EE400EB8551 /* BottleShopView_Search.swift */,
				3AA43A5C2977C8BD00EB8551 /* BottleShopView_BottleList.swift */,
				3AA43A5629778EFB00EB8551 /* BottleShopView_Notice.swift */,
				3AA43A602977E0AB00EB8551 /* BottleShopView_NoticeCell.swift */,
				3AA43A5829778F2C00EB8551 /* BottleShopDetailView.swift */,
				3AA43A5A29778F7200EB8551 /* BottleShopCurationView.swift */,
			);
			path = BottleShop;
			sourceTree = "<group>";
		};
		27281CE829778583003BE8B4 /* Bottle */ = {
			isa = PBXGroup;
			children = (
				27281CEC297785B2003BE8B4 /* BottleView.swift */,
				92D45CAA2988FC2B00DB4D11 /* BottleView_Info.swift */,
				92906F9C297E3EB600580EC2 /* BottleView_Detail.swift */,
				9293B9DA297A544E00E1EB34 /* BottleView_ShopCell.swift */,
				92906F9A297E3B7C00580EC2 /* ReservationView.swift */,
				9216C1B82977AF1D00217C7F /* ReservationView_Sheet.swift */,
				9216C1BA2977B0DB00217C7F /* ReservationPageView.swift */,
				92D45CA62988F73700DB4D11 /* ReservationPageView_Info.swift */,
				923D1D3F297E783D00988EE3 /* ReservationPageView_BottleCell.swift */,
				9216C1BC2977B4BF00217C7F /* ReservedView.swift */,
				9216C1BE2977B5E100217C7F /* ReservedView_BottleShop.swift */,
			);
			path = Bottle;
			sourceTree = "<group>";
		};
		27281CEE297785BC003BE8B4 /* BookMark */ = {
			isa = PBXGroup;
			children = (
				27281CEF297785DC003BE8B4 /* BookMarkView.swift */,
				AE106FFE2977B19B00AF9D1B /* BookMarkBottleList.swift */,
				AE1070002977B1B000AF9D1B /* BookMarkShopList.swift */,
				AE10700C2977DB2700AF9D1B /* CartViewNavigationLink.swift */,
				AE6E0AC0298110960002183B /* BookMarkTestModel.swift */,
			);
			path = BookMark;
			sourceTree = "<group>";
		};
		27281CF3297785FE003BE8B4 /* Notification */ = {
			isa = PBXGroup;
			children = (
				27281CF42977860B003BE8B4 /* NotificationView.swift */,
				D5DCFE9E2977B18900BAF7BE /* NotificationCell.swift */,
			);
			path = Notification;
			sourceTree = "<group>";
		};
		27281CF629778621003BE8B4 /* MyPage */ = {
			isa = PBXGroup;
			children = (
				27281CF72977862F003BE8B4 /* MyPageView.swift */,
				7F2142BB2977956D0046D420 /* SettingView.swift */,
				7F2142BD2977AF290046D420 /* PickUpListView.swift */,
				7F2142BF2977AF5E0046D420 /* PickUpListCell.swift */,
				7F2142C12977B43B0046D420 /* PickUpDetailView.swift */,
				7F647DC22988B69D0022590A /* SafariWebView.swift */,
			);
			path = MyPage;
			sourceTree = "<group>";
		};
		27A02681298B51AC00F71705 /* Search */ = {
			isa = PBXGroup;
			children = (
				27A02682298B51AC00F71705 /* SearchView.swift */,
				27A02683298B51AC00F71705 /* RecentlyItemList.swift */,
				27A02684298B51AC00F71705 /* SearchBottleList.swift */,
				27A02685298B51AC00F71705 /* SearchShopList.swift */,
				27A02686298B51AC00F71705 /* SearchViewNavigationLabel.swift */,
				27A02687298B51AC00F71705 /* SearchViewSearchBar.swift */,
				27A02688298B51AC00F71705 /* SearchResultList.swift */,
				AE2AD6DE298BFAB000C40EE8 /* DataController.swift */,
			);
			path = Search;
			sourceTree = "<group>";
		};
		27D82C2D297A58C1004F3D94 /* Extension */ = {
			isa = PBXGroup;
			children = (
				27D82C2E297A58E9004F3D94 /* Font+.swift */,
				3A306745297A82BE0085CC6A /* Color.swift */,
				7F76AAF5298780B100AAEBCA /* View+.swift */,
				92D45CA42988B35300DB4D11 /* Modifiers.swift */,
				7F5857B3298A00AD003402B0 /* Image+.swift */,
			);
			path = Extension;
			sourceTree = "<group>";
		};
		27D82C30297A5AC0004F3D94 /* SpoqaHanSansNeo_OTF_original */ = {
			isa = PBXGroup;
			children = (
				27D82C35297A5AC0004F3D94 /* SpoqaHanSansNeo-Regular.otf */,
				27A02699298BAC6400F71705 /* SpoqaHanSansNeo-Bold.otf */,
				27A02698298BAC6400F71705 /* SpoqaHanSansNeo-Light.otf */,
				27A02697298BAC6400F71705 /* SpoqaHanSansNeo-Medium.otf */,
				27A02696298BAC6300F71705 /* SpoqaHanSansNeo-Thin.otf */,
			);
			path = SpoqaHanSansNeo_OTF_original;
			sourceTree = "<group>";
		};
		27D82C3B297A5C0A004F3D94 /* Resource */ = {
			isa = PBXGroup;
			children = (
				27D82C30297A5AC0004F3D94 /* SpoqaHanSansNeo_OTF_original */,
			);
			path = Resource;
			sourceTree = "<group>";
		};
		4F68E6EA943499F3BCE118BF /* Pods */ = {
			isa = PBXGroup;
			children = (
				4F497AFA31D64A6C7C8D5DAB /* Pods-Bottles_V2.debug.xcconfig */,
				DAA16DBB1B2143E762C79565 /* Pods-Bottles_V2.release.xcconfig */,
				534C0901FECD300F1E9C28B3 /* Pods-Bottles_V2-Bottles_V2UITests.debug.xcconfig */,
				1E38E30FED3A6D500B88EE64 /* Pods-Bottles_V2-Bottles_V2UITests.release.xcconfig */,
				1A4B03D15F61D2058B49F1EB /* Pods-Bottles_V2Tests.debug.xcconfig */,
				4F05C0664583932B22FDC119 /* Pods-Bottles_V2Tests.release.xcconfig */,
			);
			path = Pods;
			sourceTree = "<group>";
		};
		7F76AAF02987659300AAEBCA /* LoginView */ = {
			isa = PBXGroup;
			children = (
				7F76AAF329876D0E00AAEBCA /* EmailRegisterView.swift */,
				7F5857B5298A35FB003402B0 /* TotalLoginView.swift */,
				7F5857B7298A37E3003402B0 /* EmailLoginView.swift */,
			);
			path = LoginView;
			sourceTree = "<group>";
		};
		7FB3D69A298CAAF800EA8884 /* CustomAlert */ = {
			isa = PBXGroup;
			children = (
				7FB3D69D298CAB5300EA8884 /* CustomAlertView.swift */,
				7FB3D69F298CB97B00EA8884 /* CustomAlertModifier.swift */,
			);
			path = CustomAlert;
			sourceTree = "<group>";
		};
		D5E2693F298B40B300C975F4 /* TestAuth */ = {
			isa = PBXGroup;
			children = (
				D5E26940298B40E700C975F4 /* TestRegisterView.swift */,
				D5E26942298B433800C975F4 /* TestLoginView.swift */,
				D5769B30298C8E73005528DB /* AuthStore.swift */,
				26A66486298CC865004E15EA /* UserStore.swift */,
				26A66484298CC6F1004E15EA /* User.swift */,
			);
			path = TestAuth;
			sourceTree = "<group>";
		};
		D70CE4F82976823500DFC8CE /* ViewModel */ = {
			isa = PBXGroup;
			children = (
				D7DBD7EC2988EA52002684DC /* ShopDataStore.swift */,
				D7DBD7EB2988EA52002684DC /* UserDataStore.swift */,
				029A23D0297A58BF00E7D602 /* BottleDataStore.swift */,
			);
			path = ViewModel;
			sourceTree = "<group>";
		};
/* End PBXGroup section */

/* Begin PBXNativeTarget section */
		0427F560297677E60023E745 /* Bottles_V2 */ = {
			isa = PBXNativeTarget;
			buildConfigurationList = 0427F585297677E90023E745 /* Build configuration list for PBXNativeTarget "Bottles_V2" */;
			buildPhases = (
				4B5E7E5EB4990111F1221B17 /* [CP] Check Pods Manifest.lock */,
				0427F55D297677E60023E745 /* Sources */,
				0427F55E297677E60023E745 /* Frameworks */,
				0427F55F297677E60023E745 /* Resources */,
				8B9B63B98A31CCC5FACD79B7 /* [CP] Embed Pods Frameworks */,
			);
			buildRules = (
			);
			dependencies = (
			);
			name = Bottles_V2;
			packageProductDependencies = (
				D746C976298A426200E27E16 /* FirebaseAuth */,
				D746C978298A426200E27E16 /* FirebaseFirestore */,
				D746C97A298A426200E27E16 /* FirebaseFirestoreSwift */,
				D746C97C298A426200E27E16 /* FirebaseStorage */,
			);
			productName = Bottles_V2;
			productReference = 0427F561297677E60023E745 /* Bottles_V2.app */;
			productType = "com.apple.product-type.application";
		};
		0427F570297677E90023E745 /* Bottles_V2Tests */ = {
			isa = PBXNativeTarget;
			buildConfigurationList = 0427F588297677E90023E745 /* Build configuration list for PBXNativeTarget "Bottles_V2Tests" */;
			buildPhases = (
				2E46FDD23F77B50E6E035D40 /* [CP] Check Pods Manifest.lock */,
				0427F56D297677E90023E745 /* Sources */,
				0427F56E297677E90023E745 /* Frameworks */,
				0427F56F297677E90023E745 /* Resources */,
			);
			buildRules = (
			);
			dependencies = (
				0427F573297677E90023E745 /* PBXTargetDependency */,
			);
			name = Bottles_V2Tests;
			productName = Bottles_V2Tests;
			productReference = 0427F571297677E90023E745 /* Bottles_V2Tests.xctest */;
			productType = "com.apple.product-type.bundle.unit-test";
		};
		0427F57A297677E90023E745 /* Bottles_V2UITests */ = {
			isa = PBXNativeTarget;
			buildConfigurationList = 0427F58B297677E90023E745 /* Build configuration list for PBXNativeTarget "Bottles_V2UITests" */;
			buildPhases = (
				5F1B0ABF44661BBC18D2AB86 /* [CP] Check Pods Manifest.lock */,
				0427F577297677E90023E745 /* Sources */,
				0427F578297677E90023E745 /* Frameworks */,
				0427F579297677E90023E745 /* Resources */,
				84FA61E9218995C47A2EDE04 /* [CP] Embed Pods Frameworks */,
			);
			buildRules = (
			);
			dependencies = (
				0427F57D297677E90023E745 /* PBXTargetDependency */,
			);
			name = Bottles_V2UITests;
			productName = Bottles_V2UITests;
			productReference = 0427F57B297677E90023E745 /* Bottles_V2UITests.xctest */;
			productType = "com.apple.product-type.bundle.ui-testing";
		};
/* End PBXNativeTarget section */

/* Begin PBXProject section */
		0427F559297677E60023E745 /* Project object */ = {
			isa = PBXProject;
			attributes = {
				BuildIndependentTargetsInParallel = 1;
				LastSwiftUpdateCheck = 1420;
				LastUpgradeCheck = 1420;
				TargetAttributes = {
					0427F560297677E60023E745 = {
						CreatedOnToolsVersion = 14.2;
					};
					0427F570297677E90023E745 = {
						CreatedOnToolsVersion = 14.2;
						TestTargetID = 0427F560297677E60023E745;
					};
					0427F57A297677E90023E745 = {
						CreatedOnToolsVersion = 14.2;
						TestTargetID = 0427F560297677E60023E745;
					};
				};
			};
			buildConfigurationList = 0427F55C297677E60023E745 /* Build configuration list for PBXProject "Bottles_V2" */;
			compatibilityVersion = "Xcode 14.0";
			developmentRegion = en;
			hasScannedForEncodings = 0;
			knownRegions = (
				en,
				Base,
			);
			mainGroup = 0427F558297677E60023E745;
			packageReferences = (
				D746C975298A426200E27E16 /* XCRemoteSwiftPackageReference "firebase-ios-sdk" */,
			);
			productRefGroup = 0427F562297677E60023E745 /* Products */;
			projectDirPath = "";
			projectRoot = "";
			targets = (
				0427F560297677E60023E745 /* Bottles_V2 */,
				0427F570297677E90023E745 /* Bottles_V2Tests */,
				0427F57A297677E90023E745 /* Bottles_V2UITests */,
			);
		};
/* End PBXProject section */

/* Begin PBXResourcesBuildPhase section */
		0427F55F297677E60023E745 /* Resources */ = {
			isa = PBXResourcesBuildPhase;
			buildActionMask = 2147483647;
			files = (
				27A02693298BAAF500F71705 /* Bottles-V2-Info.plist in Resources */,
				0427F56C297677E80023E745 /* Preview Assets.xcassets in Resources */,
				27A0269B298BAC6500F71705 /* SpoqaHanSansNeo-Medium.otf in Resources */,
				D746C974298A41F400E27E16 /* GoogleService-Info.plist in Resources */,
				27D82C3A297A5AC1004F3D94 /* SpoqaHanSansNeo-Regular.otf in Resources */,
				0427F569297677E80023E745 /* Assets.xcassets in Resources */,
				27A0269D298BAC6500F71705 /* SpoqaHanSansNeo-Bold.otf in Resources */,
				27A0269A298BAC6500F71705 /* SpoqaHanSansNeo-Thin.otf in Resources */,
				27A0269C298BAC6500F71705 /* SpoqaHanSansNeo-Light.otf in Resources */,
			);
			runOnlyForDeploymentPostprocessing = 0;
		};
		0427F56F297677E90023E745 /* Resources */ = {
			isa = PBXResourcesBuildPhase;
			buildActionMask = 2147483647;
			files = (
				27A02694298BAB5B00F71705 /* Bottles-V2-Info.plist in Resources */,
			);
			runOnlyForDeploymentPostprocessing = 0;
		};
		0427F579297677E90023E745 /* Resources */ = {
			isa = PBXResourcesBuildPhase;
			buildActionMask = 2147483647;
			files = (
				27A02695298BAB6100F71705 /* Bottles-V2-Info.plist in Resources */,
			);
			runOnlyForDeploymentPostprocessing = 0;
		};
/* End PBXResourcesBuildPhase section */

/* Begin PBXShellScriptBuildPhase section */
		2E46FDD23F77B50E6E035D40 /* [CP] Check Pods Manifest.lock */ = {
			isa = PBXShellScriptBuildPhase;
			buildActionMask = 2147483647;
			files = (
			);
			inputFileListPaths = (
			);
			inputPaths = (
				"${PODS_PODFILE_DIR_PATH}/Podfile.lock",
				"${PODS_ROOT}/Manifest.lock",
			);
			name = "[CP] Check Pods Manifest.lock";
			outputFileListPaths = (
			);
			outputPaths = (
				"$(DERIVED_FILE_DIR)/Pods-Bottles_V2Tests-checkManifestLockResult.txt",
			);
			runOnlyForDeploymentPostprocessing = 0;
			shellPath = /bin/sh;
			shellScript = "diff \"${PODS_PODFILE_DIR_PATH}/Podfile.lock\" \"${PODS_ROOT}/Manifest.lock\" > /dev/null\nif [ $? != 0 ] ; then\n    # print error to STDERR\n    echo \"error: The sandbox is not in sync with the Podfile.lock. Run 'pod install' or update your CocoaPods installation.\" >&2\n    exit 1\nfi\n# This output is used by Xcode 'outputs' to avoid re-running this script phase.\necho \"SUCCESS\" > \"${SCRIPT_OUTPUT_FILE_0}\"\n";
			showEnvVarsInLog = 0;
		};
		4B5E7E5EB4990111F1221B17 /* [CP] Check Pods Manifest.lock */ = {
			isa = PBXShellScriptBuildPhase;
			buildActionMask = 2147483647;
			files = (
			);
			inputFileListPaths = (
			);
			inputPaths = (
				"${PODS_PODFILE_DIR_PATH}/Podfile.lock",
				"${PODS_ROOT}/Manifest.lock",
			);
			name = "[CP] Check Pods Manifest.lock";
			outputFileListPaths = (
			);
			outputPaths = (
				"$(DERIVED_FILE_DIR)/Pods-Bottles_V2-checkManifestLockResult.txt",
			);
			runOnlyForDeploymentPostprocessing = 0;
			shellPath = /bin/sh;
			shellScript = "diff \"${PODS_PODFILE_DIR_PATH}/Podfile.lock\" \"${PODS_ROOT}/Manifest.lock\" > /dev/null\nif [ $? != 0 ] ; then\n    # print error to STDERR\n    echo \"error: The sandbox is not in sync with the Podfile.lock. Run 'pod install' or update your CocoaPods installation.\" >&2\n    exit 1\nfi\n# This output is used by Xcode 'outputs' to avoid re-running this script phase.\necho \"SUCCESS\" > \"${SCRIPT_OUTPUT_FILE_0}\"\n";
			showEnvVarsInLog = 0;
		};
		5F1B0ABF44661BBC18D2AB86 /* [CP] Check Pods Manifest.lock */ = {
			isa = PBXShellScriptBuildPhase;
			buildActionMask = 2147483647;
			files = (
			);
			inputFileListPaths = (
			);
			inputPaths = (
				"${PODS_PODFILE_DIR_PATH}/Podfile.lock",
				"${PODS_ROOT}/Manifest.lock",
			);
			name = "[CP] Check Pods Manifest.lock";
			outputFileListPaths = (
			);
			outputPaths = (
				"$(DERIVED_FILE_DIR)/Pods-Bottles_V2-Bottles_V2UITests-checkManifestLockResult.txt",
			);
			runOnlyForDeploymentPostprocessing = 0;
			shellPath = /bin/sh;
			shellScript = "diff \"${PODS_PODFILE_DIR_PATH}/Podfile.lock\" \"${PODS_ROOT}/Manifest.lock\" > /dev/null\nif [ $? != 0 ] ; then\n    # print error to STDERR\n    echo \"error: The sandbox is not in sync with the Podfile.lock. Run 'pod install' or update your CocoaPods installation.\" >&2\n    exit 1\nfi\n# This output is used by Xcode 'outputs' to avoid re-running this script phase.\necho \"SUCCESS\" > \"${SCRIPT_OUTPUT_FILE_0}\"\n";
			showEnvVarsInLog = 0;
		};
		84FA61E9218995C47A2EDE04 /* [CP] Embed Pods Frameworks */ = {
			isa = PBXShellScriptBuildPhase;
			buildActionMask = 2147483647;
			files = (
			);
			inputFileListPaths = (
				"${PODS_ROOT}/Target Support Files/Pods-Bottles_V2-Bottles_V2UITests/Pods-Bottles_V2-Bottles_V2UITests-frameworks-${CONFIGURATION}-input-files.xcfilelist",
			);
			name = "[CP] Embed Pods Frameworks";
			outputFileListPaths = (
				"${PODS_ROOT}/Target Support Files/Pods-Bottles_V2-Bottles_V2UITests/Pods-Bottles_V2-Bottles_V2UITests-frameworks-${CONFIGURATION}-output-files.xcfilelist",
			);
			runOnlyForDeploymentPostprocessing = 0;
			shellPath = /bin/sh;
			shellScript = "\"${PODS_ROOT}/Target Support Files/Pods-Bottles_V2-Bottles_V2UITests/Pods-Bottles_V2-Bottles_V2UITests-frameworks.sh\"\n";
			showEnvVarsInLog = 0;
		};
		8B9B63B98A31CCC5FACD79B7 /* [CP] Embed Pods Frameworks */ = {
			isa = PBXShellScriptBuildPhase;
			buildActionMask = 2147483647;
			files = (
			);
			inputFileListPaths = (
				"${PODS_ROOT}/Target Support Files/Pods-Bottles_V2/Pods-Bottles_V2-frameworks-${CONFIGURATION}-input-files.xcfilelist",
			);
			name = "[CP] Embed Pods Frameworks";
			outputFileListPaths = (
				"${PODS_ROOT}/Target Support Files/Pods-Bottles_V2/Pods-Bottles_V2-frameworks-${CONFIGURATION}-output-files.xcfilelist",
			);
			runOnlyForDeploymentPostprocessing = 0;
			shellPath = /bin/sh;
			shellScript = "\"${PODS_ROOT}/Target Support Files/Pods-Bottles_V2/Pods-Bottles_V2-frameworks.sh\"\n";
			showEnvVarsInLog = 0;
		};
/* End PBXShellScriptBuildPhase section */

/* Begin PBXSourcesBuildPhase section */
		0427F55D297677E60023E745 /* Sources */ = {
			isa = PBXSourcesBuildPhase;
			buildActionMask = 2147483647;
			files = (
				27A0268F298B51AC00F71705 /* SearchResultList.swift in Sources */,
				92906F9D297E3EB600580EC2 /* BottleView_Detail.swift in Sources */,
				AE106FFF2977B19B00AF9D1B /* BookMarkBottleList.swift in Sources */,
				27281CED297785B2003BE8B4 /* BottleView.swift in Sources */,
				D5DCFE9D29778B5A00BAF7BE /* CartCell.swift in Sources */,
				27A0268C298B51AC00F71705 /* SearchShopList.swift in Sources */,
				7F76AAF6298780B100AAEBCA /* View+.swift in Sources */,
				D5E26941298B40E700C975F4 /* TestRegisterView.swift in Sources */,
				D5E26943298B433800C975F4 /* TestLoginView.swift in Sources */,
				AE2AD6DF298BFAB000C40EE8 /* DataController.swift in Sources */,
				D7DBD7ED2988EA52002684DC /* UserDataStore.swift in Sources */,
				27281CE32977854D003BE8B4 /* MapView.swift in Sources */,
				7F2142C22977B43B0046D420 /* PickUpDetailView.swift in Sources */,
				7F76AAF429876D0E00AAEBCA /* EmailRegisterView.swift in Sources */,
				27281CF82977862F003BE8B4 /* MyPageView.swift in Sources */,
				7F5857B6298A35FB003402B0 /* TotalLoginView.swift in Sources */,
				7F2142BC2977956D0046D420 /* SettingView.swift in Sources */,
				26D0E4382979164400524943 /* (null) in Sources */,
				D7DBD7EE2988EA52002684DC /* ShopDataStore.swift in Sources */,
				9216C1BF2977B5E100217C7F /* ReservedView_BottleShop.swift in Sources */,
				27D82C2F297A58EA004F3D94 /* Font+.swift in Sources */,
				0427F565297677E60023E745 /* Bottles_V2App.swift in Sources */,
				9216C1B92977AF1D00217C7F /* ReservationView_Sheet.swift in Sources */,
				D5769B31298C8E73005528DB /* AuthStore.swift in Sources */,
				27A0268B298B51AC00F71705 /* SearchBottleList.swift in Sources */,
				3A306746297A82BE0085CC6A /* Color.swift in Sources */,
				26A66485298CC6F1004E15EA /* User.swift in Sources */,
				92906F9B297E3B7C00580EC2 /* ReservationView.swift in Sources */,
				0427F565297677E60023E745 /* Bottles_V2App.swift in Sources */,
				7F2142C02977AF5E0046D420 /* PickUpListCell.swift in Sources */,
				27A0268A298B51AC00F71705 /* RecentlyItemList.swift in Sources */,
				AE10700D2977DB2700AF9D1B /* CartViewNavigationLink.swift in Sources */,
				3AA43A612977E0AB00EB8551 /* BottleShopView_NoticeCell.swift in Sources */,
				3AA43A5529778EE400EB8551 /* BottleShopView_Search.swift in Sources */,
				27A02689298B51AC00F71705 /* SearchView.swift in Sources */,
				27D82C58298780D8004F3D94 /* MarkerDetailView.swift in Sources */,
				AE9E77082978179200A6B9D4 /* MainTabView.swift in Sources */,
				3AA43A5929778F2D00EB8551 /* BottleShopDetailView.swift in Sources */,
				04F8B89C297A64FA0098DE93 /* SignupView.swift in Sources */,
				04F8B89E297A652F0098DE93 /* LogInView.swift in Sources */,
				7F5857B4298A00AD003402B0 /* Image+.swift in Sources */,
				04F8B8A0297A83020098DE93 /* ConfirmationView.swift in Sources */,
				27A0268E298B51AC00F71705 /* SearchViewSearchBar.swift in Sources */,
				04F8B89A297A64900098DE93 /* SessionManager.swift in Sources */,
				276367E2298A584300C04CFA /* MarkerDetailSheet.swift in Sources */,
				04F8B8A2297B00EB0098DE93 /* SessionView.swift in Sources */,
				7F5397BE2989F9DC00A67CDA /* MainLoginView.swift in Sources */,
				029A23D1297A58BF00E7D602 /* BottleDataStore.swift in Sources */,
				7F647DC32988B69D0022590A /* SafariWebView.swift in Sources */,
				04F8B8A2297B00EB0098DE93 /* SessionView.swift in Sources */,
				27A02690298B572100F71705 /* BottleView_Info.swift in Sources */,
				029A23D1297A58BF00E7D602 /* BottleDataStore.swift in Sources */,
				9216C1BD2977B4BF00217C7F /* ReservedView.swift in Sources */,
				3AA43A5B29778F7200EB8551 /* BottleShopCurationView.swift in Sources */,
				27A02691298B572600F71705 /* Modifiers.swift in Sources */,
				3AA43A5729778EFB00EB8551 /* BottleShopView_Notice.swift in Sources */,
				7FB3D6A0298CB97B00EA8884 /* CustomAlertModifier.swift in Sources */,
				27A026A1298C11A300F71705 /* NaverMap.swift in Sources */,
				3AA43A5D2977C8BD00EB8551 /* BottleShopView_BottleList.swift in Sources */,
				27281CE62977856A003BE8B4 /* CartView.swift in Sources */,
				7FB3D69E298CAB5300EA8884 /* CustomAlertView.swift in Sources */,
				9293B9DB297A544E00E1EB34 /* BottleView_ShopCell.swift in Sources */,
				27281CFD2977B851003BE8B4 /* NearBySheetView.swift in Sources */,
				27281CF0297785DC003BE8B4 /* BookMarkView.swift in Sources */,
				27281CEB297785AA003BE8B4 /* BottleShopView.swift in Sources */,
				27D82C3F297A6F29004F3D94 /* MapViewModel.swift in Sources */,
				27281CFB2977AD3C003BE8B4 /* MapViewSearchBar.swift in Sources */,
				27A02692298B5CE800F71705 /* ReservationPageView_Info.swift in Sources */,
				7F2142BE2977AF290046D420 /* PickUpListView.swift in Sources */,
				9216C1BB2977B0DB00217C7F /* ReservationPageView.swift in Sources */,
				AE1070012977B1B000AF9D1B /* BookMarkShopList.swift in Sources */,
				27A0269F298C064F00F71705 /* SideButtonCell.swift in Sources */,
				923D1D40297E783D00988EE3 /* ReservationPageView_BottleCell.swift in Sources */,
				7F5857B8298A37E3003402B0 /* EmailLoginView.swift in Sources */,
				AE6E0AC1298110970002183B /* BookMarkTestModel.swift in Sources */,
				26A66487298CC865004E15EA /* UserStore.swift in Sources */,
				AE2AD6DD298BF9EE00C40EE8 /* SearchModel.xcdatamodeld in Sources */,
				D5DCFE9F2977B18900BAF7BE /* NotificationCell.swift in Sources */,
				27D82C4C297A875F004F3D94 /* BottomSheet.swift in Sources */,
				27281CF52977860B003BE8B4 /* NotificationView.swift in Sources */,
				27A0268D298B51AC00F71705 /* SearchViewNavigationLabel.swift in Sources */,
			);
			runOnlyForDeploymentPostprocessing = 0;
		};
		0427F56D297677E90023E745 /* Sources */ = {
			isa = PBXSourcesBuildPhase;
			buildActionMask = 2147483647;
			files = (
				0427F576297677E90023E745 /* Bottles_V2Tests.swift in Sources */,
			);
			runOnlyForDeploymentPostprocessing = 0;
		};
		0427F577297677E90023E745 /* Sources */ = {
			isa = PBXSourcesBuildPhase;
			buildActionMask = 2147483647;
			files = (
				0427F582297677E90023E745 /* Bottles_V2UITestsLaunchTests.swift in Sources */,
				0427F580297677E90023E745 /* Bottles_V2UITests.swift in Sources */,
			);
			runOnlyForDeploymentPostprocessing = 0;
		};
/* End PBXSourcesBuildPhase section */

/* Begin PBXTargetDependency section */
		0427F573297677E90023E745 /* PBXTargetDependency */ = {
			isa = PBXTargetDependency;
			target = 0427F560297677E60023E745 /* Bottles_V2 */;
			targetProxy = 0427F572297677E90023E745 /* PBXContainerItemProxy */;
		};
		0427F57D297677E90023E745 /* PBXTargetDependency */ = {
			isa = PBXTargetDependency;
			target = 0427F560297677E60023E745 /* Bottles_V2 */;
			targetProxy = 0427F57C297677E90023E745 /* PBXContainerItemProxy */;
		};
/* End PBXTargetDependency section */

/* Begin XCBuildConfiguration section */
		0427F583297677E90023E745 /* Debug */ = {
			isa = XCBuildConfiguration;
			buildSettings = {
				ALWAYS_SEARCH_USER_PATHS = NO;
				CLANG_ANALYZER_NONNULL = YES;
				CLANG_ANALYZER_NUMBER_OBJECT_CONVERSION = YES_AGGRESSIVE;
				CLANG_CXX_LANGUAGE_STANDARD = "gnu++20";
				CLANG_ENABLE_MODULES = YES;
				CLANG_ENABLE_OBJC_ARC = YES;
				CLANG_ENABLE_OBJC_WEAK = YES;
				CLANG_WARN_BLOCK_CAPTURE_AUTORELEASING = YES;
				CLANG_WARN_BOOL_CONVERSION = YES;
				CLANG_WARN_COMMA = YES;
				CLANG_WARN_CONSTANT_CONVERSION = YES;
				CLANG_WARN_DEPRECATED_OBJC_IMPLEMENTATIONS = YES;
				CLANG_WARN_DIRECT_OBJC_ISA_USAGE = YES_ERROR;
				CLANG_WARN_DOCUMENTATION_COMMENTS = YES;
				CLANG_WARN_EMPTY_BODY = YES;
				CLANG_WARN_ENUM_CONVERSION = YES;
				CLANG_WARN_INFINITE_RECURSION = YES;
				CLANG_WARN_INT_CONVERSION = YES;
				CLANG_WARN_NON_LITERAL_NULL_CONVERSION = YES;
				CLANG_WARN_OBJC_IMPLICIT_RETAIN_SELF = YES;
				CLANG_WARN_OBJC_LITERAL_CONVERSION = YES;
				CLANG_WARN_OBJC_ROOT_CLASS = YES_ERROR;
				CLANG_WARN_QUOTED_INCLUDE_IN_FRAMEWORK_HEADER = YES;
				CLANG_WARN_RANGE_LOOP_ANALYSIS = YES;
				CLANG_WARN_STRICT_PROTOTYPES = YES;
				CLANG_WARN_SUSPICIOUS_MOVE = YES;
				CLANG_WARN_UNGUARDED_AVAILABILITY = YES_AGGRESSIVE;
				CLANG_WARN_UNREACHABLE_CODE = YES;
				CLANG_WARN__DUPLICATE_METHOD_MATCH = YES;
				COPY_PHASE_STRIP = NO;
				DEBUG_INFORMATION_FORMAT = dwarf;
				ENABLE_STRICT_OBJC_MSGSEND = YES;
				ENABLE_TESTABILITY = YES;
				GCC_C_LANGUAGE_STANDARD = gnu11;
				GCC_DYNAMIC_NO_PIC = NO;
				GCC_NO_COMMON_BLOCKS = YES;
				GCC_OPTIMIZATION_LEVEL = 0;
				GCC_PREPROCESSOR_DEFINITIONS = (
					"DEBUG=1",
					"$(inherited)",
				);
				GCC_WARN_64_TO_32_BIT_CONVERSION = YES;
				GCC_WARN_ABOUT_RETURN_TYPE = YES_ERROR;
				GCC_WARN_UNDECLARED_SELECTOR = YES;
				GCC_WARN_UNINITIALIZED_AUTOS = YES_AGGRESSIVE;
				GCC_WARN_UNUSED_FUNCTION = YES;
				GCC_WARN_UNUSED_VARIABLE = YES;
				IPHONEOS_DEPLOYMENT_TARGET = 16.2;
				MTL_ENABLE_DEBUG_INFO = INCLUDE_SOURCE;
				MTL_FAST_MATH = YES;
				ONLY_ACTIVE_ARCH = YES;
				SDKROOT = iphoneos;
				SWIFT_ACTIVE_COMPILATION_CONDITIONS = DEBUG;
				SWIFT_OPTIMIZATION_LEVEL = "-Onone";
			};
			name = Debug;
		};
		0427F584297677E90023E745 /* Release */ = {
			isa = XCBuildConfiguration;
			buildSettings = {
				ALWAYS_SEARCH_USER_PATHS = NO;
				CLANG_ANALYZER_NONNULL = YES;
				CLANG_ANALYZER_NUMBER_OBJECT_CONVERSION = YES_AGGRESSIVE;
				CLANG_CXX_LANGUAGE_STANDARD = "gnu++20";
				CLANG_ENABLE_MODULES = YES;
				CLANG_ENABLE_OBJC_ARC = YES;
				CLANG_ENABLE_OBJC_WEAK = YES;
				CLANG_WARN_BLOCK_CAPTURE_AUTORELEASING = YES;
				CLANG_WARN_BOOL_CONVERSION = YES;
				CLANG_WARN_COMMA = YES;
				CLANG_WARN_CONSTANT_CONVERSION = YES;
				CLANG_WARN_DEPRECATED_OBJC_IMPLEMENTATIONS = YES;
				CLANG_WARN_DIRECT_OBJC_ISA_USAGE = YES_ERROR;
				CLANG_WARN_DOCUMENTATION_COMMENTS = YES;
				CLANG_WARN_EMPTY_BODY = YES;
				CLANG_WARN_ENUM_CONVERSION = YES;
				CLANG_WARN_INFINITE_RECURSION = YES;
				CLANG_WARN_INT_CONVERSION = YES;
				CLANG_WARN_NON_LITERAL_NULL_CONVERSION = YES;
				CLANG_WARN_OBJC_IMPLICIT_RETAIN_SELF = YES;
				CLANG_WARN_OBJC_LITERAL_CONVERSION = YES;
				CLANG_WARN_OBJC_ROOT_CLASS = YES_ERROR;
				CLANG_WARN_QUOTED_INCLUDE_IN_FRAMEWORK_HEADER = YES;
				CLANG_WARN_RANGE_LOOP_ANALYSIS = YES;
				CLANG_WARN_STRICT_PROTOTYPES = YES;
				CLANG_WARN_SUSPICIOUS_MOVE = YES;
				CLANG_WARN_UNGUARDED_AVAILABILITY = YES_AGGRESSIVE;
				CLANG_WARN_UNREACHABLE_CODE = YES;
				CLANG_WARN__DUPLICATE_METHOD_MATCH = YES;
				COPY_PHASE_STRIP = NO;
				DEBUG_INFORMATION_FORMAT = "dwarf-with-dsym";
				ENABLE_NS_ASSERTIONS = NO;
				ENABLE_STRICT_OBJC_MSGSEND = YES;
				GCC_C_LANGUAGE_STANDARD = gnu11;
				GCC_NO_COMMON_BLOCKS = YES;
				GCC_WARN_64_TO_32_BIT_CONVERSION = YES;
				GCC_WARN_ABOUT_RETURN_TYPE = YES_ERROR;
				GCC_WARN_UNDECLARED_SELECTOR = YES;
				GCC_WARN_UNINITIALIZED_AUTOS = YES_AGGRESSIVE;
				GCC_WARN_UNUSED_FUNCTION = YES;
				GCC_WARN_UNUSED_VARIABLE = YES;
				IPHONEOS_DEPLOYMENT_TARGET = 16.2;
				MTL_ENABLE_DEBUG_INFO = NO;
				MTL_FAST_MATH = YES;
				SDKROOT = iphoneos;
				SWIFT_COMPILATION_MODE = wholemodule;
				SWIFT_OPTIMIZATION_LEVEL = "-O";
				VALIDATE_PRODUCT = YES;
			};
			name = Release;
		};
		0427F586297677E90023E745 /* Debug */ = {
			isa = XCBuildConfiguration;
			baseConfigurationReference = 4F497AFA31D64A6C7C8D5DAB /* Pods-Bottles_V2.debug.xcconfig */;
			buildSettings = {
				ASSETCATALOG_COMPILER_APPICON_NAME = AppIcon;
				ASSETCATALOG_COMPILER_GLOBAL_ACCENT_COLOR_NAME = AccentColor;
				CODE_SIGN_ENTITLEMENTS = Bottles_V2/Bottles_V2.entitlements;
				CODE_SIGN_IDENTITY = "Apple Development";
				CODE_SIGN_STYLE = Automatic;
				CURRENT_PROJECT_VERSION = 1;
				DEVELOPMENT_ASSET_PATHS = "\"Bottles_V2/Preview Content\"";
				DEVELOPMENT_TEAM = "";
				ENABLE_PREVIEWS = YES;
				GENERATE_INFOPLIST_FILE = YES;
				INFOPLIST_FILE = "Bottles-V2-Info.plist";
				INFOPLIST_KEY_NSLocationWhenInUseUsageDescription = "해당 앱은 플레이스 정보 조회를 위해 사용자의 현위치를 제공 받습니다.";
				INFOPLIST_KEY_UIApplicationSceneManifest_Generation = YES;
				INFOPLIST_KEY_UIApplicationSupportsIndirectInputEvents = YES;
				INFOPLIST_KEY_UILaunchScreen_Generation = YES;
				INFOPLIST_KEY_UISupportedInterfaceOrientations_iPad = "UIInterfaceOrientationPortrait UIInterfaceOrientationPortraitUpsideDown UIInterfaceOrientationLandscapeLeft UIInterfaceOrientationLandscapeRight";
				INFOPLIST_KEY_UISupportedInterfaceOrientations_iPhone = "UIInterfaceOrientationPortrait UIInterfaceOrientationLandscapeLeft UIInterfaceOrientationLandscapeRight";
				IPHONEOS_DEPLOYMENT_TARGET = 16.0;
				LD_RUNPATH_SEARCH_PATHS = (
					"$(inherited)",
					"@executable_path/Frameworks",
				);
				MARKETING_VERSION = 1.0;
				PRODUCT_BUNDLE_IDENTIFIER = "com.bottles.Bottles-V2";
				PRODUCT_NAME = "$(TARGET_NAME)";
				PROVISIONING_PROFILE_SPECIFIER = "";
				SWIFT_EMIT_LOC_STRINGS = YES;
				SWIFT_VERSION = 5.0;
				TARGETED_DEVICE_FAMILY = "1,2";
			};
			name = Debug;
		};
		0427F587297677E90023E745 /* Release */ = {
			isa = XCBuildConfiguration;
			baseConfigurationReference = DAA16DBB1B2143E762C79565 /* Pods-Bottles_V2.release.xcconfig */;
			buildSettings = {
				ASSETCATALOG_COMPILER_APPICON_NAME = AppIcon;
				ASSETCATALOG_COMPILER_GLOBAL_ACCENT_COLOR_NAME = AccentColor;
				CODE_SIGN_ENTITLEMENTS = Bottles_V2/Bottles_V2.entitlements;
				CODE_SIGN_IDENTITY = "Apple Development";
				CODE_SIGN_STYLE = Automatic;
				CURRENT_PROJECT_VERSION = 1;
				DEVELOPMENT_ASSET_PATHS = "\"Bottles_V2/Preview Content\"";
				DEVELOPMENT_TEAM = "";
				ENABLE_PREVIEWS = YES;
				GENERATE_INFOPLIST_FILE = YES;
				INFOPLIST_FILE = "Bottles-V2-Info.plist";
				INFOPLIST_KEY_NSLocationWhenInUseUsageDescription = "해당 앱은 플레이스 정보 조회를 위해 사용자의 현위치를 제공 받습니다.";
				INFOPLIST_KEY_UIApplicationSceneManifest_Generation = YES;
				INFOPLIST_KEY_UIApplicationSupportsIndirectInputEvents = YES;
				INFOPLIST_KEY_UILaunchScreen_Generation = YES;
				INFOPLIST_KEY_UISupportedInterfaceOrientations_iPad = "UIInterfaceOrientationPortrait UIInterfaceOrientationPortraitUpsideDown UIInterfaceOrientationLandscapeLeft UIInterfaceOrientationLandscapeRight";
				INFOPLIST_KEY_UISupportedInterfaceOrientations_iPhone = "UIInterfaceOrientationPortrait UIInterfaceOrientationLandscapeLeft UIInterfaceOrientationLandscapeRight";
				IPHONEOS_DEPLOYMENT_TARGET = 16.0;
				LD_RUNPATH_SEARCH_PATHS = (
					"$(inherited)",
					"@executable_path/Frameworks",
				);
				MARKETING_VERSION = 1.0;
				PRODUCT_BUNDLE_IDENTIFIER = "com.bottles.Bottles-V2";
				PRODUCT_NAME = "$(TARGET_NAME)";
				PROVISIONING_PROFILE_SPECIFIER = "";
				SWIFT_EMIT_LOC_STRINGS = YES;
				SWIFT_VERSION = 5.0;
				TARGETED_DEVICE_FAMILY = "1,2";
			};
			name = Release;
		};
		0427F589297677E90023E745 /* Debug */ = {
			isa = XCBuildConfiguration;
			baseConfigurationReference = 1A4B03D15F61D2058B49F1EB /* Pods-Bottles_V2Tests.debug.xcconfig */;
			buildSettings = {
				ALWAYS_EMBED_SWIFT_STANDARD_LIBRARIES = YES;
				BUNDLE_LOADER = "$(TEST_HOST)";
				CODE_SIGN_STYLE = Automatic;
				CURRENT_PROJECT_VERSION = 1;
				DEVELOPMENT_TEAM = CGUAL476T6;
				GENERATE_INFOPLIST_FILE = YES;
				IPHONEOS_DEPLOYMENT_TARGET = 16.2;
				MARKETING_VERSION = 1.0;
				PRODUCT_BUNDLE_IDENTIFIER = "com.bottles.Bottles-V2Tests";
				PRODUCT_NAME = "$(TARGET_NAME)";
				SWIFT_EMIT_LOC_STRINGS = NO;
				SWIFT_VERSION = 5.0;
				TARGETED_DEVICE_FAMILY = "1,2";
				TEST_HOST = "$(BUILT_PRODUCTS_DIR)/Bottles_V2.app/$(BUNDLE_EXECUTABLE_FOLDER_PATH)/Bottles_V2";
			};
			name = Debug;
		};
		0427F58A297677E90023E745 /* Release */ = {
			isa = XCBuildConfiguration;
			baseConfigurationReference = 4F05C0664583932B22FDC119 /* Pods-Bottles_V2Tests.release.xcconfig */;
			buildSettings = {
				ALWAYS_EMBED_SWIFT_STANDARD_LIBRARIES = YES;
				BUNDLE_LOADER = "$(TEST_HOST)";
				CODE_SIGN_STYLE = Automatic;
				CURRENT_PROJECT_VERSION = 1;
				DEVELOPMENT_TEAM = CGUAL476T6;
				GENERATE_INFOPLIST_FILE = YES;
				IPHONEOS_DEPLOYMENT_TARGET = 16.2;
				MARKETING_VERSION = 1.0;
				PRODUCT_BUNDLE_IDENTIFIER = "com.bottles.Bottles-V2Tests";
				PRODUCT_NAME = "$(TARGET_NAME)";
				SWIFT_EMIT_LOC_STRINGS = NO;
				SWIFT_VERSION = 5.0;
				TARGETED_DEVICE_FAMILY = "1,2";
				TEST_HOST = "$(BUILT_PRODUCTS_DIR)/Bottles_V2.app/$(BUNDLE_EXECUTABLE_FOLDER_PATH)/Bottles_V2";
			};
			name = Release;
		};
		0427F58C297677E90023E745 /* Debug */ = {
			isa = XCBuildConfiguration;
			baseConfigurationReference = 534C0901FECD300F1E9C28B3 /* Pods-Bottles_V2-Bottles_V2UITests.debug.xcconfig */;
			buildSettings = {
				ALWAYS_EMBED_SWIFT_STANDARD_LIBRARIES = YES;
				CODE_SIGN_STYLE = Automatic;
				CURRENT_PROJECT_VERSION = 1;
				DEVELOPMENT_TEAM = CGUAL476T6;
				GENERATE_INFOPLIST_FILE = YES;
				MARKETING_VERSION = 1.0;
				PRODUCT_BUNDLE_IDENTIFIER = "com.bottles.Bottles-V2UITests";
				PRODUCT_NAME = "$(TARGET_NAME)";
				SWIFT_EMIT_LOC_STRINGS = NO;
				SWIFT_VERSION = 5.0;
				TARGETED_DEVICE_FAMILY = "1,2";
				TEST_TARGET_NAME = Bottles_V2;
			};
			name = Debug;
		};
		0427F58D297677E90023E745 /* Release */ = {
			isa = XCBuildConfiguration;
			baseConfigurationReference = 1E38E30FED3A6D500B88EE64 /* Pods-Bottles_V2-Bottles_V2UITests.release.xcconfig */;
			buildSettings = {
				ALWAYS_EMBED_SWIFT_STANDARD_LIBRARIES = YES;
				CODE_SIGN_STYLE = Automatic;
				CURRENT_PROJECT_VERSION = 1;
				DEVELOPMENT_TEAM = CGUAL476T6;
				GENERATE_INFOPLIST_FILE = YES;
				MARKETING_VERSION = 1.0;
				PRODUCT_BUNDLE_IDENTIFIER = "com.bottles.Bottles-V2UITests";
				PRODUCT_NAME = "$(TARGET_NAME)";
				SWIFT_EMIT_LOC_STRINGS = NO;
				SWIFT_VERSION = 5.0;
				TARGETED_DEVICE_FAMILY = "1,2";
				TEST_TARGET_NAME = Bottles_V2;
			};
			name = Release;
		};
/* End XCBuildConfiguration section */

/* Begin XCConfigurationList section */
		0427F55C297677E60023E745 /* Build configuration list for PBXProject "Bottles_V2" */ = {
			isa = XCConfigurationList;
			buildConfigurations = (
				0427F583297677E90023E745 /* Debug */,
				0427F584297677E90023E745 /* Release */,
			);
			defaultConfigurationIsVisible = 0;
			defaultConfigurationName = Release;
		};
		0427F585297677E90023E745 /* Build configuration list for PBXNativeTarget "Bottles_V2" */ = {
			isa = XCConfigurationList;
			buildConfigurations = (
				0427F586297677E90023E745 /* Debug */,
				0427F587297677E90023E745 /* Release */,
			);
			defaultConfigurationIsVisible = 0;
			defaultConfigurationName = Release;
		};
		0427F588297677E90023E745 /* Build configuration list for PBXNativeTarget "Bottles_V2Tests" */ = {
			isa = XCConfigurationList;
			buildConfigurations = (
				0427F589297677E90023E745 /* Debug */,
				0427F58A297677E90023E745 /* Release */,
			);
			defaultConfigurationIsVisible = 0;
			defaultConfigurationName = Release;
		};
		0427F58B297677E90023E745 /* Build configuration list for PBXNativeTarget "Bottles_V2UITests" */ = {
			isa = XCConfigurationList;
			buildConfigurations = (
				0427F58C297677E90023E745 /* Debug */,
				0427F58D297677E90023E745 /* Release */,
			);
			defaultConfigurationIsVisible = 0;
			defaultConfigurationName = Release;
		};
/* End XCConfigurationList section */

/* Begin XCRemoteSwiftPackageReference section */
		D746C975298A426200E27E16 /* XCRemoteSwiftPackageReference "firebase-ios-sdk" */ = {
			isa = XCRemoteSwiftPackageReference;
			repositoryURL = "https://github.com/firebase/firebase-ios-sdk";
			requirement = {
				branch = master;
				kind = branch;
			};
		};
/* End XCRemoteSwiftPackageReference section */

/* Begin XCSwiftPackageProductDependency section */
		D746C976298A426200E27E16 /* FirebaseAuth */ = {
			isa = XCSwiftPackageProductDependency;
			package = D746C975298A426200E27E16 /* XCRemoteSwiftPackageReference "firebase-ios-sdk" */;
			productName = FirebaseAuth;
		};
		D746C978298A426200E27E16 /* FirebaseFirestore */ = {
			isa = XCSwiftPackageProductDependency;
			package = D746C975298A426200E27E16 /* XCRemoteSwiftPackageReference "firebase-ios-sdk" */;
			productName = FirebaseFirestore;
		};
		D746C97A298A426200E27E16 /* FirebaseFirestoreSwift */ = {
			isa = XCSwiftPackageProductDependency;
			package = D746C975298A426200E27E16 /* XCRemoteSwiftPackageReference "firebase-ios-sdk" */;
			productName = FirebaseFirestoreSwift;
		};
		D746C97C298A426200E27E16 /* FirebaseStorage */ = {
			isa = XCSwiftPackageProductDependency;
			package = D746C975298A426200E27E16 /* XCRemoteSwiftPackageReference "firebase-ios-sdk" */;
			productName = FirebaseStorage;
		};
/* End XCSwiftPackageProductDependency section */

/* Begin XCVersionGroup section */
		AE2AD6DB298BF9EE00C40EE8 /* SearchModel.xcdatamodeld */ = {
			isa = XCVersionGroup;
			children = (
				AE2AD6DC298BF9EE00C40EE8 /* SearchModel.xcdatamodel */,
			);
			currentVersion = AE2AD6DC298BF9EE00C40EE8 /* SearchModel.xcdatamodel */;
			path = SearchModel.xcdatamodeld;
			sourceTree = "<group>";
			versionGroupType = wrapper.xcdatamodel;
		};
/* End XCVersionGroup section */
	};
	rootObject = 0427F559297677E60023E745 /* Project object */;
}
